// !$*UTF8*$!
{
	archiveVersion = 1;
	classes = {
	};
	objectVersion = 48;
	objects = {

/* Begin PBXBuildFile section */
		04653616874D5AD03FC59A80 /* libPods-Match.a in Frameworks */ = {isa = PBXBuildFile; fileRef = 3C909BF689251B6729A0D334 /* libPods-Match.a */; };
		990090791F8F48DD00607A49 /* Login.storyboard in Resources */ = {isa = PBXBuildFile; fileRef = 990090781F8F48DD00607A49 /* Login.storyboard */; };
		9900907C1F8F516600607A49 /* LoginTableViewController.m in Sources */ = {isa = PBXBuildFile; fileRef = 9900907B1F8F516600607A49 /* LoginTableViewController.m */; };
		9900907F1F8F517300607A49 /* RegisterTableViewController.m in Sources */ = {isa = PBXBuildFile; fileRef = 9900907E1F8F517300607A49 /* RegisterTableViewController.m */; };
		990090821F8F517E00607A49 /* FindPwdTableViewController.m in Sources */ = {isa = PBXBuildFile; fileRef = 990090811F8F517E00607A49 /* FindPwdTableViewController.m */; };
		990090851F8F5AE400607A49 /* BaseViewController.m in Sources */ = {isa = PBXBuildFile; fileRef = 990090841F8F5AE400607A49 /* BaseViewController.m */; };
		990090881F8F683A00607A49 /* AccountModel.m in Sources */ = {isa = PBXBuildFile; fileRef = 990090861F8F683800607A49 /* AccountModel.m */; };
		993675C51F9DC07000D8F25A /* HotDataView.m in Sources */ = {isa = PBXBuildFile; fileRef = 993675C41F9DC07000D8F25A /* HotDataView.m */; };
		993675C81F9DC65200D8F25A /* JJDataView.m in Sources */ = {isa = PBXBuildFile; fileRef = 993675C71F9DC65200D8F25A /* JJDataView.m */; };
		993675CB1F9DC94F00D8F25A /* SpecialTopicView.m in Sources */ = {isa = PBXBuildFile; fileRef = 993675CA1F9DC94F00D8F25A /* SpecialTopicView.m */; };
		993675CE1F9DC97D00D8F25A /* SpecialTopicModel.m in Sources */ = {isa = PBXBuildFile; fileRef = 993675CD1F9DC97D00D8F25A /* SpecialTopicModel.m */; };
		993675D11F9DE1B700D8F25A /* FastNewsModel.m in Sources */ = {isa = PBXBuildFile; fileRef = 993675D01F9DE1B700D8F25A /* FastNewsModel.m */; };
		993675D51F9DE3D800D8F25A /* FastNewsCell.m in Sources */ = {isa = PBXBuildFile; fileRef = 993675D31F9DE3D800D8F25A /* FastNewsCell.m */; };
		993675D61F9DE3D800D8F25A /* FastNewsCell.xib in Resources */ = {isa = PBXBuildFile; fileRef = 993675D41F9DE3D800D8F25A /* FastNewsCell.xib */; };
		999404AB1F9D9984008DAB60 /* ChannelViewController.m in Sources */ = {isa = PBXBuildFile; fileRef = 999404AA1F9D9984008DAB60 /* ChannelViewController.m */; };
		999404AF1F9D9B78008DAB60 /* ChannelCell.m in Sources */ = {isa = PBXBuildFile; fileRef = 999404AD1F9D9B78008DAB60 /* ChannelCell.m */; };
		999404B01F9D9B78008DAB60 /* ChannelCell.xib in Resources */ = {isa = PBXBuildFile; fileRef = 999404AE1F9D9B78008DAB60 /* ChannelCell.xib */; };
		999404B91F9DB700008DAB60 /* ChannelHeadView.m in Sources */ = {isa = PBXBuildFile; fileRef = 999404B71F9DB700008DAB60 /* ChannelHeadView.m */; };
		999404BA1F9DB700008DAB60 /* ChannelHeadView.xib in Resources */ = {isa = PBXBuildFile; fileRef = 999404B81F9DB700008DAB60 /* ChannelHeadView.xib */; };
		99A5F0411FA964630056343E /* IntegralShopViewController.m in Sources */ = {isa = PBXBuildFile; fileRef = 99A5F03F1FA964630056343E /* IntegralShopViewController.m */; };
		99A5F0421FA964630056343E /* IntegralShopViewController.xib in Resources */ = {isa = PBXBuildFile; fileRef = 99A5F0401FA964630056343E /* IntegralShopViewController.xib */; };
		99A5F0451FA96C2D0056343E /* CollectsTableViewController.m in Sources */ = {isa = PBXBuildFile; fileRef = 99A5F0441FA96C2D0056343E /* CollectsTableViewController.m */; };
		99B71F6A1F8B1D8B00C33D8C /* MatchModel.m in Sources */ = {isa = PBXBuildFile; fileRef = 99B71F691F8B1D8B00C33D8C /* MatchModel.m */; };
		99B71F7D1F8B4F4D00C33D8C /* MatchCell.m in Sources */ = {isa = PBXBuildFile; fileRef = 99B71F7B1F8B4F4D00C33D8C /* MatchCell.m */; };
		99B71F7E1F8B4F4D00C33D8C /* MatchCell.xib in Resources */ = {isa = PBXBuildFile; fileRef = 99B71F7C1F8B4F4D00C33D8C /* MatchCell.xib */; };
		99B71F851F8B5E9800C33D8C /* StatisticsViewController.m in Sources */ = {isa = PBXBuildFile; fileRef = 99B71F841F8B5E9800C33D8C /* StatisticsViewController.m */; };
		99B71F8D1F8B608200C33D8C /* JXPageView.m in Sources */ = {isa = PBXBuildFile; fileRef = 99B71F8A1F8B5F6C00C33D8C /* JXPageView.m */; };
		99B71F8E1F8B608200C33D8C /* JXSegment.m in Sources */ = {isa = PBXBuildFile; fileRef = 99B71F871F8B5F6C00C33D8C /* JXSegment.m */; };
		99B71F8F1F8B608200C33D8C /* UIView+JXView.m in Sources */ = {isa = PBXBuildFile; fileRef = 99B71F891F8B5F6C00C33D8C /* UIView+JXView.m */; };
		99CF204E1F905276000F917B /* PersonMsg.storyboard in Resources */ = {isa = PBXBuildFile; fileRef = 99CF204D1F905276000F917B /* PersonMsg.storyboard */; };
		99CF20511F905920000F917B /* PersonMsgTableViewController.m in Sources */ = {isa = PBXBuildFile; fileRef = 99CF20501F905920000F917B /* PersonMsgTableViewController.m */; };
		99CF20541F905AE1000F917B /* MsgSettingTableViewController.m in Sources */ = {isa = PBXBuildFile; fileRef = 99CF20531F905AE1000F917B /* MsgSettingTableViewController.m */; };
		99CF20571F90699A000F917B /* SignTableViewController.m in Sources */ = {isa = PBXBuildFile; fileRef = 99CF20561F90699A000F917B /* SignTableViewController.m */; };
		99CF205A1F9087E5000F917B /* CommentView.m in Sources */ = {isa = PBXBuildFile; fileRef = 99CF20591F9087E5000F917B /* CommentView.m */; };
		99CF205C1F9087EE000F917B /* CommentView.xib in Resources */ = {isa = PBXBuildFile; fileRef = 99CF205B1F9087EE000F917B /* CommentView.xib */; };
		99CF205F1F908D43000F917B /* WriteCommentView.m in Sources */ = {isa = PBXBuildFile; fileRef = 99CF205E1F908D43000F917B /* WriteCommentView.m */; };
		99CF20611F908D4B000F917B /* WriteCommentView.xib in Resources */ = {isa = PBXBuildFile; fileRef = 99CF20601F908D4B000F917B /* WriteCommentView.xib */; };
		99CF20671F909C4F000F917B /* SettingTableViewController.m in Sources */ = {isa = PBXBuildFile; fileRef = 99CF20661F909C4F000F917B /* SettingTableViewController.m */; };
		99CF206A1F909E70000F917B /* AboutUsViewController.m in Sources */ = {isa = PBXBuildFile; fileRef = 99CF20691F909E70000F917B /* AboutUsViewController.m */; };
		99CF206D1F909FA2000F917B /* TakePhotoViewController.m in Sources */ = {isa = PBXBuildFile; fileRef = 99CF206B1F909FA1000F917B /* TakePhotoViewController.m */; };
		99E9D8E81F7F747500D1A781 /* AppDelegate.m in Sources */ = {isa = PBXBuildFile; fileRef = 99E9D8E71F7F747500D1A781 /* AppDelegate.m */; };
		99E9D8F01F7F747500D1A781 /* Assets.xcassets in Resources */ = {isa = PBXBuildFile; fileRef = 99E9D8EF1F7F747500D1A781 /* Assets.xcassets */; };
		99E9D8F31F7F747500D1A781 /* LaunchScreen.storyboard in Resources */ = {isa = PBXBuildFile; fileRef = 99E9D8F11F7F747500D1A781 /* LaunchScreen.storyboard */; };
		99E9D8F61F7F747500D1A781 /* main.m in Sources */ = {isa = PBXBuildFile; fileRef = 99E9D8F51F7F747500D1A781 /* main.m */; };
		99E9D9371F7F757100D1A781 /* UIColor+XTExtension.m in Sources */ = {isa = PBXBuildFile; fileRef = 99E9D9311F7F757000D1A781 /* UIColor+XTExtension.m */; };
		99E9D9381F7F757100D1A781 /* UIViewExt.m in Sources */ = {isa = PBXBuildFile; fileRef = 99E9D9331F7F757000D1A781 /* UIViewExt.m */; };
		99E9D9391F7F757100D1A781 /* CALayer+TextFieldBoardColor.m in Sources */ = {isa = PBXBuildFile; fileRef = 99E9D9341F7F757000D1A781 /* CALayer+TextFieldBoardColor.m */; };
		99E9D93A1F7F757100D1A781 /* Uitils.m in Sources */ = {isa = PBXBuildFile; fileRef = 99E9D9361F7F757100D1A781 /* Uitils.m */; };
		99E9D9471F7F75C900D1A781 /* TabBarCtrl.m in Sources */ = {isa = PBXBuildFile; fileRef = 99E9D9461F7F75C800D1A781 /* TabBarCtrl.m */; };
		99E9D94C1F7F777200D1A781 /* TabBar.storyboard in Resources */ = {isa = PBXBuildFile; fileRef = 99E9D94A1F7F777100D1A781 /* TabBar.storyboard */; };
		99E9D94F1F7F782E00D1A781 /* HomePageViewController.m in Sources */ = {isa = PBXBuildFile; fileRef = 99E9D94E1F7F782E00D1A781 /* HomePageViewController.m */; };
		99E9D9521F7F79BC00D1A781 /* MatchViewController.m in Sources */ = {isa = PBXBuildFile; fileRef = 99E9D9511F7F79BC00D1A781 /* MatchViewController.m */; };
		99E9D9551F7F79CD00D1A781 /* CircelViewController.m in Sources */ = {isa = PBXBuildFile; fileRef = 99E9D9541F7F79CD00D1A781 /* CircelViewController.m */; };
		99E9D9581F7F79DB00D1A781 /* PersonViewController.m in Sources */ = {isa = PBXBuildFile; fileRef = 99E9D9571F7F79DB00D1A781 /* PersonViewController.m */; };
		99E9D9591F7F7AE200D1A781 /* SegmentTitView.m in Sources */ = {isa = PBXBuildFile; fileRef = 99E9D9431F7F75B600D1A781 /* SegmentTitView.m */; };
		99EECB901F96E40300DCC44C /* FindTableViewController.m in Sources */ = {isa = PBXBuildFile; fileRef = 99EECB8F1F96E40300DCC44C /* FindTableViewController.m */; };
		99EECBB51F96EE1F00DCC44C /* CircleListModel.m in Sources */ = {isa = PBXBuildFile; fileRef = 99EECBA41F96ED7400DCC44C /* CircleListModel.m */; };
		99EECBB61F96EE1F00DCC44C /* HotPostsModel.m in Sources */ = {isa = PBXBuildFile; fileRef = 99EECBA51F96ED7400DCC44C /* HotPostsModel.m */; };
		99EECBB71F96EE1F00DCC44C /* PostDetailModel.m in Sources */ = {isa = PBXBuildFile; fileRef = 99EECBA81F96ED7500DCC44C /* PostDetailModel.m */; };
		99EECBB81F96EE1F00DCC44C /* CircleHead.m in Sources */ = {isa = PBXBuildFile; fileRef = 99EECBAA1F96ED8800DCC44C /* CircleHead.m */; };
		99EECBB91F96EE1F00DCC44C /* HotPostCell.m in Sources */ = {isa = PBXBuildFile; fileRef = 99EECBAC1F96ED8800DCC44C /* HotPostCell.m */; };
		99EECBBA1F96EE1F00DCC44C /* PostDetailCell.m in Sources */ = {isa = PBXBuildFile; fileRef = 99EECBB31F96ED8900DCC44C /* PostDetailCell.m */; };
		99EECBBB1F96EE1F00DCC44C /* PostDetailHead.m in Sources */ = {isa = PBXBuildFile; fileRef = 99EECBAF1F96ED8900DCC44C /* PostDetailHead.m */; };
		99EECBBC1F96EE1F00DCC44C /* SegmentTitleView.m in Sources */ = {isa = PBXBuildFile; fileRef = 99EECBA11F96ED5C00DCC44C /* SegmentTitleView.m */; };
		99EECBBD1F96EE1F00DCC44C /* CircelDetailViewController.m in Sources */ = {isa = PBXBuildFile; fileRef = 99EECB961F96ED1C00DCC44C /* CircelDetailViewController.m */; };
		99EECBBE1F96EE1F00DCC44C /* CircelNoticeViewController.m in Sources */ = {isa = PBXBuildFile; fileRef = 99EECB981F96ED1C00DCC44C /* CircelNoticeViewController.m */; };
		99EECBBF1F96EE1F00DCC44C /* CircelsViewController.m in Sources */ = {isa = PBXBuildFile; fileRef = 99EECB9A1F96ED1D00DCC44C /* CircelsViewController.m */; };
		99EECBC01F96EE1F00DCC44C /* PostDetailViewController.m in Sources */ = {isa = PBXBuildFile; fileRef = 99EECB9B1F96ED1D00DCC44C /* PostDetailViewController.m */; };
		99EECBC11F96EE3100DCC44C /* CircleHead.xib in Resources */ = {isa = PBXBuildFile; fileRef = 99EECBA91F96ED8800DCC44C /* CircleHead.xib */; };
		99EECBC21F96EE3100DCC44C /* HotPostCell.xib in Resources */ = {isa = PBXBuildFile; fileRef = 99EECBAE1F96ED8800DCC44C /* HotPostCell.xib */; };
		99EECBC31F96EE3100DCC44C /* PostDetailCell.xib in Resources */ = {isa = PBXBuildFile; fileRef = 99EECBAD1F96ED8800DCC44C /* PostDetailCell.xib */; };
		99EECBC41F96EE3100DCC44C /* PostDetailHead.xib in Resources */ = {isa = PBXBuildFile; fileRef = 99EECBB11F96ED8900DCC44C /* PostDetailHead.xib */; };
		99EECBC51F96EE3100DCC44C /* CircelDetailViewController.xib in Resources */ = {isa = PBXBuildFile; fileRef = 99EECB951F96ED1C00DCC44C /* CircelDetailViewController.xib */; };
		99EECBC61F96EE3100DCC44C /* CircelNoticeViewController.xib in Resources */ = {isa = PBXBuildFile; fileRef = 99EECB971F96ED1C00DCC44C /* CircelNoticeViewController.xib */; };
		99EECBC71F96EE3100DCC44C /* CircelsViewController.xib in Resources */ = {isa = PBXBuildFile; fileRef = 99EECB941F96ED1C00DCC44C /* CircelsViewController.xib */; };
		99EECBC81F96EE3100DCC44C /* PostDetailViewController.xib in Resources */ = {isa = PBXBuildFile; fileRef = 99EECB9D1F96ED1D00DCC44C /* PostDetailViewController.xib */; };
		99EECBCC1F96F32000DCC44C /* FollowViewController.m in Sources */ = {isa = PBXBuildFile; fileRef = 99EECBCB1F96F32000DCC44C /* FollowViewController.m */; };
		99EECBCF1F96F5C100DCC44C /* TeamModel.m in Sources */ = {isa = PBXBuildFile; fileRef = 99EECBCE1F96F5C100DCC44C /* TeamModel.m */; };
		99EECBD21F96F8E000DCC44C /* MoreTeamViewController.m in Sources */ = {isa = PBXBuildFile; fileRef = 99EECBD11F96F8E000DCC44C /* MoreTeamViewController.m */; };
		99EECBD51F96FB8300DCC44C /* TeamTyoeModel.m in Sources */ = {isa = PBXBuildFile; fileRef = 99EECBD41F96FB8300DCC44C /* TeamTyoeModel.m */; };
		99EECBD91F97016600DCC44C /* CollectionViewCell.m in Sources */ = {isa = PBXBuildFile; fileRef = 99EECBD71F97016600DCC44C /* CollectionViewCell.m */; };
		99EECBDA1F97016600DCC44C /* CollectionViewCell.xib in Resources */ = {isa = PBXBuildFile; fileRef = 99EECBD81F97016600DCC44C /* CollectionViewCell.xib */; };
		99EECBDE1F97030100DCC44C /* TeamTableViewCell.m in Sources */ = {isa = PBXBuildFile; fileRef = 99EECBDC1F97030100DCC44C /* TeamTableViewCell.m */; };
		99EECBDF1F97030100DCC44C /* TeamTableViewCell.xib in Resources */ = {isa = PBXBuildFile; fileRef = 99EECBDD1F97030100DCC44C /* TeamTableViewCell.xib */; };
		99EECBE21F97220700DCC44C /* NOTeamView.m in Sources */ = {isa = PBXBuildFile; fileRef = 99EECBE11F97220700DCC44C /* NOTeamView.m */; };
		99EECBE41F97221000DCC44C /* NOTeamView.xib in Resources */ = {isa = PBXBuildFile; fileRef = 99EECBE31F97221000DCC44C /* NOTeamView.xib */; };
		99EECBE71F97258200DCC44C /* TeamDetailViewController.m in Sources */ = {isa = PBXBuildFile; fileRef = 99EECBE61F97258200DCC44C /* TeamDetailViewController.m */; };
		99EECBEA1F9725A700DCC44C /* TeamDetailHead.m in Sources */ = {isa = PBXBuildFile; fileRef = 99EECBE91F9725A700DCC44C /* TeamDetailHead.m */; };
		99EECBEE1F972C1200DCC44C /* TeamDetailHead.xib in Resources */ = {isa = PBXBuildFile; fileRef = 99EECBED1F972C1200DCC44C /* TeamDetailHead.xib */; };
		99EECBF11F97341400DCC44C /* TeamSCModel.m in Sources */ = {isa = PBXBuildFile; fileRef = 99EECBF01F97341400DCC44C /* TeamSCModel.m */; };
		99EECBF51F9736AD00DCC44C /* TeamSC_Cell.m in Sources */ = {isa = PBXBuildFile; fileRef = 99EECBF31F9736AD00DCC44C /* TeamSC_Cell.m */; };
		99EECBF61F9736AD00DCC44C /* TeamSC_Cell.xib in Resources */ = {isa = PBXBuildFile; fileRef = 99EECBF41F9736AD00DCC44C /* TeamSC_Cell.xib */; };
		BF7C3CF31F8BAA3000DC999D /* LoadingViewController.m in Sources */ = {isa = PBXBuildFile; fileRef = BF7C3CF21F8BA9D800DC999D /* LoadingViewController.m */; };
		BF7C3CF61F8BAAD500DC999D /* AppDelegate+UPush.m in Sources */ = {isa = PBXBuildFile; fileRef = BF7C3CF51F8BAAD400DC999D /* AppDelegate+UPush.m */; };
		BF81D0051F7FA5530078C5ED /* HotModel.m in Sources */ = {isa = PBXBuildFile; fileRef = BF81D0041F7FA5530078C5ED /* HotModel.m */; };
		BF81D0091F7FA5EE0078C5ED /* NormalHotCell.m in Sources */ = {isa = PBXBuildFile; fileRef = BF81D0071F7FA5EE0078C5ED /* NormalHotCell.m */; };
		BF81D00A1F7FA5EE0078C5ED /* NormalHotCell.xib in Resources */ = {isa = PBXBuildFile; fileRef = BF81D0081F7FA5EE0078C5ED /* NormalHotCell.xib */; };
		BF81D00E1F7FA8EB0078C5ED /* VideoHotCell.m in Sources */ = {isa = PBXBuildFile; fileRef = BF81D00C1F7FA8EB0078C5ED /* VideoHotCell.m */; };
		BF81D00F1F7FA8EB0078C5ED /* VideoHotCell.xib in Resources */ = {isa = PBXBuildFile; fileRef = BF81D00D1F7FA8EB0078C5ED /* VideoHotCell.xib */; };
		BF81D0101F7FD4A00078C5ED /* KSMNetworkRequest.m in Sources */ = {isa = PBXBuildFile; fileRef = 99E9D91E1F7F751800D1A781 /* KSMNetworkRequest.m */; };
		BF81D0111F7FD4A00078C5ED /* ShareManagerCtrl.m in Sources */ = {isa = PBXBuildFile; fileRef = 99E9D9201F7F751800D1A781 /* ShareManagerCtrl.m */; };
		BF81D0231F7FDF2D0078C5ED /* HotDetailViewController.m in Sources */ = {isa = PBXBuildFile; fileRef = BF81D0221F7FDF2D0078C5ED /* HotDetailViewController.m */; };
		BF81D0261F7FE3210078C5ED /* HotDetailCommentModel.m in Sources */ = {isa = PBXBuildFile; fileRef = BF81D0251F7FE3210078C5ED /* HotDetailCommentModel.m */; };
		BF81D02A1F7FE5A30078C5ED /* HotDetailCommentCell.m in Sources */ = {isa = PBXBuildFile; fileRef = BF81D0281F7FE5A30078C5ED /* HotDetailCommentCell.m */; };
		BF81D02B1F7FE5A30078C5ED /* HotDetailCommentCell.xib in Resources */ = {isa = PBXBuildFile; fileRef = BF81D0291F7FE5A30078C5ED /* HotDetailCommentCell.xib */; };
		BF81D02E1F7FFFC30078C5ED /* VideoDetailViewController.m in Sources */ = {isa = PBXBuildFile; fileRef = BF81D02D1F7FFFC30078C5ED /* VideoDetailViewController.m */; };
/* End PBXBuildFile section */

/* Begin PBXFileReference section */
		3AAE61D65A0B819A61450E7B /* Pods-Match.release.xcconfig */ = {isa = PBXFileReference; includeInIndex = 1; lastKnownFileType = text.xcconfig; name = "Pods-Match.release.xcconfig"; path = "Pods/Target Support Files/Pods-Match/Pods-Match.release.xcconfig"; sourceTree = "<group>"; };
		3C909BF689251B6729A0D334 /* libPods-Match.a */ = {isa = PBXFileReference; explicitFileType = archive.ar; includeInIndex = 0; path = "libPods-Match.a"; sourceTree = BUILT_PRODUCTS_DIR; };
		7776D0455FBCD8527D5A21F1 /* Pods-Match.debug.xcconfig */ = {isa = PBXFileReference; includeInIndex = 1; lastKnownFileType = text.xcconfig; name = "Pods-Match.debug.xcconfig"; path = "Pods/Target Support Files/Pods-Match/Pods-Match.debug.xcconfig"; sourceTree = "<group>"; };
		990090781F8F48DD00607A49 /* Login.storyboard */ = {isa = PBXFileReference; lastKnownFileType = file.storyboard; path = Login.storyboard; sourceTree = "<group>"; };
		9900907A1F8F516600607A49 /* LoginTableViewController.h */ = {isa = PBXFileReference; lastKnownFileType = sourcecode.c.h; path = LoginTableViewController.h; sourceTree = "<group>"; };
		9900907B1F8F516600607A49 /* LoginTableViewController.m */ = {isa = PBXFileReference; lastKnownFileType = sourcecode.c.objc; path = LoginTableViewController.m; sourceTree = "<group>"; };
		9900907D1F8F517300607A49 /* RegisterTableViewController.h */ = {isa = PBXFileReference; lastKnownFileType = sourcecode.c.h; path = RegisterTableViewController.h; sourceTree = "<group>"; };
		9900907E1F8F517300607A49 /* RegisterTableViewController.m */ = {isa = PBXFileReference; lastKnownFileType = sourcecode.c.objc; path = RegisterTableViewController.m; sourceTree = "<group>"; };
		990090801F8F517E00607A49 /* FindPwdTableViewController.h */ = {isa = PBXFileReference; lastKnownFileType = sourcecode.c.h; path = FindPwdTableViewController.h; sourceTree = "<group>"; };
		990090811F8F517E00607A49 /* FindPwdTableViewController.m */ = {isa = PBXFileReference; lastKnownFileType = sourcecode.c.objc; path = FindPwdTableViewController.m; sourceTree = "<group>"; };
		990090831F8F5AE400607A49 /* BaseViewController.h */ = {isa = PBXFileReference; lastKnownFileType = sourcecode.c.h; path = BaseViewController.h; sourceTree = "<group>"; };
		990090841F8F5AE400607A49 /* BaseViewController.m */ = {isa = PBXFileReference; lastKnownFileType = sourcecode.c.objc; path = BaseViewController.m; sourceTree = "<group>"; };
		990090861F8F683800607A49 /* AccountModel.m */ = {isa = PBXFileReference; lastKnownFileType = sourcecode.c.objc; path = AccountModel.m; sourceTree = "<group>"; };
		990090871F8F683900607A49 /* AccountModel.h */ = {isa = PBXFileReference; lastKnownFileType = sourcecode.c.h; path = AccountModel.h; sourceTree = "<group>"; };
		993675C31F9DC07000D8F25A /* HotDataView.h */ = {isa = PBXFileReference; lastKnownFileType = sourcecode.c.h; path = HotDataView.h; sourceTree = "<group>"; };
		993675C41F9DC07000D8F25A /* HotDataView.m */ = {isa = PBXFileReference; lastKnownFileType = sourcecode.c.objc; path = HotDataView.m; sourceTree = "<group>"; };
		993675C61F9DC65200D8F25A /* JJDataView.h */ = {isa = PBXFileReference; lastKnownFileType = sourcecode.c.h; path = JJDataView.h; sourceTree = "<group>"; };
		993675C71F9DC65200D8F25A /* JJDataView.m */ = {isa = PBXFileReference; lastKnownFileType = sourcecode.c.objc; path = JJDataView.m; sourceTree = "<group>"; };
		993675C91F9DC94F00D8F25A /* SpecialTopicView.h */ = {isa = PBXFileReference; lastKnownFileType = sourcecode.c.h; path = SpecialTopicView.h; sourceTree = "<group>"; };
		993675CA1F9DC94F00D8F25A /* SpecialTopicView.m */ = {isa = PBXFileReference; lastKnownFileType = sourcecode.c.objc; path = SpecialTopicView.m; sourceTree = "<group>"; };
		993675CC1F9DC97D00D8F25A /* SpecialTopicModel.h */ = {isa = PBXFileReference; lastKnownFileType = sourcecode.c.h; path = SpecialTopicModel.h; sourceTree = "<group>"; };
		993675CD1F9DC97D00D8F25A /* SpecialTopicModel.m */ = {isa = PBXFileReference; lastKnownFileType = sourcecode.c.objc; path = SpecialTopicModel.m; sourceTree = "<group>"; };
		993675CF1F9DE1B700D8F25A /* FastNewsModel.h */ = {isa = PBXFileReference; lastKnownFileType = sourcecode.c.h; path = FastNewsModel.h; sourceTree = "<group>"; };
		993675D01F9DE1B700D8F25A /* FastNewsModel.m */ = {isa = PBXFileReference; lastKnownFileType = sourcecode.c.objc; path = FastNewsModel.m; sourceTree = "<group>"; };
		993675D21F9DE3D800D8F25A /* FastNewsCell.h */ = {isa = PBXFileReference; lastKnownFileType = sourcecode.c.h; path = FastNewsCell.h; sourceTree = "<group>"; };
		993675D31F9DE3D800D8F25A /* FastNewsCell.m */ = {isa = PBXFileReference; lastKnownFileType = sourcecode.c.objc; path = FastNewsCell.m; sourceTree = "<group>"; };
		993675D41F9DE3D800D8F25A /* FastNewsCell.xib */ = {isa = PBXFileReference; lastKnownFileType = file.xib; path = FastNewsCell.xib; sourceTree = "<group>"; };
		999404A91F9D9984008DAB60 /* ChannelViewController.h */ = {isa = PBXFileReference; lastKnownFileType = sourcecode.c.h; path = ChannelViewController.h; sourceTree = "<group>"; };
		999404AA1F9D9984008DAB60 /* ChannelViewController.m */ = {isa = PBXFileReference; lastKnownFileType = sourcecode.c.objc; path = ChannelViewController.m; sourceTree = "<group>"; };
		999404AC1F9D9B78008DAB60 /* ChannelCell.h */ = {isa = PBXFileReference; lastKnownFileType = sourcecode.c.h; path = ChannelCell.h; sourceTree = "<group>"; };
		999404AD1F9D9B78008DAB60 /* ChannelCell.m */ = {isa = PBXFileReference; lastKnownFileType = sourcecode.c.objc; path = ChannelCell.m; sourceTree = "<group>"; };
		999404AE1F9D9B78008DAB60 /* ChannelCell.xib */ = {isa = PBXFileReference; lastKnownFileType = file.xib; path = ChannelCell.xib; sourceTree = "<group>"; };
		999404B61F9DB700008DAB60 /* ChannelHeadView.h */ = {isa = PBXFileReference; lastKnownFileType = sourcecode.c.h; path = ChannelHeadView.h; sourceTree = "<group>"; };
		999404B71F9DB700008DAB60 /* ChannelHeadView.m */ = {isa = PBXFileReference; lastKnownFileType = sourcecode.c.objc; path = ChannelHeadView.m; sourceTree = "<group>"; };
		999404B81F9DB700008DAB60 /* ChannelHeadView.xib */ = {isa = PBXFileReference; lastKnownFileType = file.xib; path = ChannelHeadView.xib; sourceTree = "<group>"; };
		99A5F03E1FA964630056343E /* IntegralShopViewController.h */ = {isa = PBXFileReference; lastKnownFileType = sourcecode.c.h; path = IntegralShopViewController.h; sourceTree = "<group>"; };
		99A5F03F1FA964630056343E /* IntegralShopViewController.m */ = {isa = PBXFileReference; lastKnownFileType = sourcecode.c.objc; path = IntegralShopViewController.m; sourceTree = "<group>"; };
		99A5F0401FA964630056343E /* IntegralShopViewController.xib */ = {isa = PBXFileReference; lastKnownFileType = file.xib; path = IntegralShopViewController.xib; sourceTree = "<group>"; };
		99A5F0431FA96C2D0056343E /* CollectsTableViewController.h */ = {isa = PBXFileReference; lastKnownFileType = sourcecode.c.h; path = CollectsTableViewController.h; sourceTree = "<group>"; };
		99A5F0441FA96C2D0056343E /* CollectsTableViewController.m */ = {isa = PBXFileReference; lastKnownFileType = sourcecode.c.objc; path = CollectsTableViewController.m; sourceTree = "<group>"; };
		99B71F681F8B1D8B00C33D8C /* MatchModel.h */ = {isa = PBXFileReference; lastKnownFileType = sourcecode.c.h; path = MatchModel.h; sourceTree = "<group>"; };
		99B71F691F8B1D8B00C33D8C /* MatchModel.m */ = {isa = PBXFileReference; lastKnownFileType = sourcecode.c.objc; path = MatchModel.m; sourceTree = "<group>"; };
		99B71F7A1F8B4F4D00C33D8C /* MatchCell.h */ = {isa = PBXFileReference; lastKnownFileType = sourcecode.c.h; path = MatchCell.h; sourceTree = "<group>"; };
		99B71F7B1F8B4F4D00C33D8C /* MatchCell.m */ = {isa = PBXFileReference; lastKnownFileType = sourcecode.c.objc; path = MatchCell.m; sourceTree = "<group>"; };
		99B71F7C1F8B4F4D00C33D8C /* MatchCell.xib */ = {isa = PBXFileReference; lastKnownFileType = file.xib; path = MatchCell.xib; sourceTree = "<group>"; };
		99B71F831F8B5E9800C33D8C /* StatisticsViewController.h */ = {isa = PBXFileReference; lastKnownFileType = sourcecode.c.h; path = StatisticsViewController.h; sourceTree = "<group>"; };
		99B71F841F8B5E9800C33D8C /* StatisticsViewController.m */ = {isa = PBXFileReference; lastKnownFileType = sourcecode.c.objc; path = StatisticsViewController.m; sourceTree = "<group>"; };
		99B71F871F8B5F6C00C33D8C /* JXSegment.m */ = {isa = PBXFileReference; lastKnownFileType = sourcecode.c.objc; path = JXSegment.m; sourceTree = "<group>"; };
		99B71F881F8B5F6C00C33D8C /* UIView+JXView.h */ = {isa = PBXFileReference; lastKnownFileType = sourcecode.c.h; path = "UIView+JXView.h"; sourceTree = "<group>"; };
		99B71F891F8B5F6C00C33D8C /* UIView+JXView.m */ = {isa = PBXFileReference; lastKnownFileType = sourcecode.c.objc; path = "UIView+JXView.m"; sourceTree = "<group>"; };
		99B71F8A1F8B5F6C00C33D8C /* JXPageView.m */ = {isa = PBXFileReference; lastKnownFileType = sourcecode.c.objc; path = JXPageView.m; sourceTree = "<group>"; };
		99B71F8B1F8B5F6C00C33D8C /* JXSegment.h */ = {isa = PBXFileReference; lastKnownFileType = sourcecode.c.h; path = JXSegment.h; sourceTree = "<group>"; };
		99B71F8C1F8B5F6C00C33D8C /* JXPageView.h */ = {isa = PBXFileReference; lastKnownFileType = sourcecode.c.h; path = JXPageView.h; sourceTree = "<group>"; };
		99CF204D1F905276000F917B /* PersonMsg.storyboard */ = {isa = PBXFileReference; lastKnownFileType = file.storyboard; path = PersonMsg.storyboard; sourceTree = "<group>"; };
		99CF204F1F905920000F917B /* PersonMsgTableViewController.h */ = {isa = PBXFileReference; lastKnownFileType = sourcecode.c.h; path = PersonMsgTableViewController.h; sourceTree = "<group>"; };
		99CF20501F905920000F917B /* PersonMsgTableViewController.m */ = {isa = PBXFileReference; lastKnownFileType = sourcecode.c.objc; path = PersonMsgTableViewController.m; sourceTree = "<group>"; };
		99CF20521F905AE1000F917B /* MsgSettingTableViewController.h */ = {isa = PBXFileReference; lastKnownFileType = sourcecode.c.h; path = MsgSettingTableViewController.h; sourceTree = "<group>"; };
		99CF20531F905AE1000F917B /* MsgSettingTableViewController.m */ = {isa = PBXFileReference; lastKnownFileType = sourcecode.c.objc; path = MsgSettingTableViewController.m; sourceTree = "<group>"; };
		99CF20551F90699A000F917B /* SignTableViewController.h */ = {isa = PBXFileReference; lastKnownFileType = sourcecode.c.h; path = SignTableViewController.h; sourceTree = "<group>"; };
		99CF20561F90699A000F917B /* SignTableViewController.m */ = {isa = PBXFileReference; lastKnownFileType = sourcecode.c.objc; path = SignTableViewController.m; sourceTree = "<group>"; };
		99CF20581F9087E5000F917B /* CommentView.h */ = {isa = PBXFileReference; lastKnownFileType = sourcecode.c.h; path = CommentView.h; sourceTree = "<group>"; };
		99CF20591F9087E5000F917B /* CommentView.m */ = {isa = PBXFileReference; lastKnownFileType = sourcecode.c.objc; path = CommentView.m; sourceTree = "<group>"; };
		99CF205B1F9087EE000F917B /* CommentView.xib */ = {isa = PBXFileReference; lastKnownFileType = file.xib; path = CommentView.xib; sourceTree = "<group>"; };
		99CF205D1F908D43000F917B /* WriteCommentView.h */ = {isa = PBXFileReference; lastKnownFileType = sourcecode.c.h; path = WriteCommentView.h; sourceTree = "<group>"; };
		99CF205E1F908D43000F917B /* WriteCommentView.m */ = {isa = PBXFileReference; lastKnownFileType = sourcecode.c.objc; path = WriteCommentView.m; sourceTree = "<group>"; };
		99CF20601F908D4B000F917B /* WriteCommentView.xib */ = {isa = PBXFileReference; lastKnownFileType = file.xib; path = WriteCommentView.xib; sourceTree = "<group>"; };
		99CF20651F909C4F000F917B /* SettingTableViewController.h */ = {isa = PBXFileReference; lastKnownFileType = sourcecode.c.h; path = SettingTableViewController.h; sourceTree = "<group>"; };
		99CF20661F909C4F000F917B /* SettingTableViewController.m */ = {isa = PBXFileReference; lastKnownFileType = sourcecode.c.objc; path = SettingTableViewController.m; sourceTree = "<group>"; };
		99CF20681F909E70000F917B /* AboutUsViewController.h */ = {isa = PBXFileReference; lastKnownFileType = sourcecode.c.h; path = AboutUsViewController.h; sourceTree = "<group>"; };
		99CF20691F909E70000F917B /* AboutUsViewController.m */ = {isa = PBXFileReference; lastKnownFileType = sourcecode.c.objc; path = AboutUsViewController.m; sourceTree = "<group>"; };
		99CF206B1F909FA1000F917B /* TakePhotoViewController.m */ = {isa = PBXFileReference; lastKnownFileType = sourcecode.c.objc; path = TakePhotoViewController.m; sourceTree = "<group>"; };
		99CF206C1F909FA2000F917B /* TakePhotoViewController.h */ = {isa = PBXFileReference; lastKnownFileType = sourcecode.c.h; path = TakePhotoViewController.h; sourceTree = "<group>"; };
		99E9D8E31F7F747500D1A781 /* Match.app */ = {isa = PBXFileReference; explicitFileType = wrapper.application; includeInIndex = 0; path = Match.app; sourceTree = BUILT_PRODUCTS_DIR; };
		99E9D8E61F7F747500D1A781 /* AppDelegate.h */ = {isa = PBXFileReference; lastKnownFileType = sourcecode.c.h; path = AppDelegate.h; sourceTree = "<group>"; };
		99E9D8E71F7F747500D1A781 /* AppDelegate.m */ = {isa = PBXFileReference; lastKnownFileType = sourcecode.c.objc; path = AppDelegate.m; sourceTree = "<group>"; };
		99E9D8EF1F7F747500D1A781 /* Assets.xcassets */ = {isa = PBXFileReference; lastKnownFileType = folder.assetcatalog; path = Assets.xcassets; sourceTree = "<group>"; };
		99E9D8F21F7F747500D1A781 /* Base */ = {isa = PBXFileReference; lastKnownFileType = file.storyboard; name = Base; path = Base.lproj/LaunchScreen.storyboard; sourceTree = "<group>"; };
		99E9D8F41F7F747500D1A781 /* Info.plist */ = {isa = PBXFileReference; lastKnownFileType = text.plist.xml; path = Info.plist; sourceTree = "<group>"; };
		99E9D8F51F7F747500D1A781 /* main.m */ = {isa = PBXFileReference; lastKnownFileType = sourcecode.c.objc; path = main.m; sourceTree = "<group>"; };
		99E9D91D1F7F751800D1A781 /* KSMNetworkRequest.h */ = {isa = PBXFileReference; lastKnownFileType = sourcecode.c.h; path = KSMNetworkRequest.h; sourceTree = "<group>"; };
		99E9D91E1F7F751800D1A781 /* KSMNetworkRequest.m */ = {isa = PBXFileReference; lastKnownFileType = sourcecode.c.objc; path = KSMNetworkRequest.m; sourceTree = "<group>"; };
		99E9D91F1F7F751800D1A781 /* ShareManagerCtrl.h */ = {isa = PBXFileReference; lastKnownFileType = sourcecode.c.h; path = ShareManagerCtrl.h; sourceTree = "<group>"; };
		99E9D9201F7F751800D1A781 /* ShareManagerCtrl.m */ = {isa = PBXFileReference; lastKnownFileType = sourcecode.c.objc; path = ShareManagerCtrl.m; sourceTree = "<group>"; };
		99E9D9211F7F753000D1A781 /* NSURLs.h */ = {isa = PBXFileReference; lastKnownFileType = sourcecode.c.h; path = NSURLs.h; sourceTree = "<group>"; };
		99E9D9221F7F753000D1A781 /* Defaults.h */ = {isa = PBXFileReference; lastKnownFileType = sourcecode.c.h; path = Defaults.h; sourceTree = "<group>"; };
		99E9D92F1F7F757000D1A781 /* UIColor+XTExtension.h */ = {isa = PBXFileReference; fileEncoding = 4; lastKnownFileType = sourcecode.c.h; path = "UIColor+XTExtension.h"; sourceTree = "<group>"; };
		99E9D9301F7F757000D1A781 /* Uitils.h */ = {isa = PBXFileReference; fileEncoding = 4; lastKnownFileType = sourcecode.c.h; path = Uitils.h; sourceTree = "<group>"; };
		99E9D9311F7F757000D1A781 /* UIColor+XTExtension.m */ = {isa = PBXFileReference; fileEncoding = 4; lastKnownFileType = sourcecode.c.objc; path = "UIColor+XTExtension.m"; sourceTree = "<group>"; };
		99E9D9321F7F757000D1A781 /* UIViewExt.h */ = {isa = PBXFileReference; fileEncoding = 4; lastKnownFileType = sourcecode.c.h; path = UIViewExt.h; sourceTree = "<group>"; };
		99E9D9331F7F757000D1A781 /* UIViewExt.m */ = {isa = PBXFileReference; fileEncoding = 4; lastKnownFileType = sourcecode.c.objc; path = UIViewExt.m; sourceTree = "<group>"; };
		99E9D9341F7F757000D1A781 /* CALayer+TextFieldBoardColor.m */ = {isa = PBXFileReference; fileEncoding = 4; lastKnownFileType = sourcecode.c.objc; path = "CALayer+TextFieldBoardColor.m"; sourceTree = "<group>"; };
		99E9D9351F7F757000D1A781 /* CALayer+TextFieldBoardColor.h */ = {isa = PBXFileReference; fileEncoding = 4; lastKnownFileType = sourcecode.c.h; path = "CALayer+TextFieldBoardColor.h"; sourceTree = "<group>"; };
		99E9D9361F7F757100D1A781 /* Uitils.m */ = {isa = PBXFileReference; fileEncoding = 4; lastKnownFileType = sourcecode.c.objc; path = Uitils.m; sourceTree = "<group>"; };
		99E9D9431F7F75B600D1A781 /* SegmentTitView.m */ = {isa = PBXFileReference; lastKnownFileType = sourcecode.c.objc; path = SegmentTitView.m; sourceTree = "<group>"; };
		99E9D9441F7F75B600D1A781 /* SegmentTitView.h */ = {isa = PBXFileReference; lastKnownFileType = sourcecode.c.h; path = SegmentTitView.h; sourceTree = "<group>"; };
		99E9D9451F7F75C800D1A781 /* TabBarCtrl.h */ = {isa = PBXFileReference; lastKnownFileType = sourcecode.c.h; path = TabBarCtrl.h; sourceTree = "<group>"; };
		99E9D9461F7F75C800D1A781 /* TabBarCtrl.m */ = {isa = PBXFileReference; lastKnownFileType = sourcecode.c.objc; name = TabBarCtrl.m; path = "../New Group/TabBarCtrl.m"; sourceTree = "<group>"; };
		99E9D9491F7F761100D1A781 /* FootMatch.pch */ = {isa = PBXFileReference; lastKnownFileType = sourcecode.c.h; path = FootMatch.pch; sourceTree = "<group>"; };
		99E9D94B1F7F777100D1A781 /* Base */ = {isa = PBXFileReference; lastKnownFileType = file.storyboard; name = Base; path = Base.lproj/TabBar.storyboard; sourceTree = "<group>"; };
		99E9D94D1F7F782E00D1A781 /* HomePageViewController.h */ = {isa = PBXFileReference; lastKnownFileType = sourcecode.c.h; path = HomePageViewController.h; sourceTree = "<group>"; };
		99E9D94E1F7F782E00D1A781 /* HomePageViewController.m */ = {isa = PBXFileReference; lastKnownFileType = sourcecode.c.objc; path = HomePageViewController.m; sourceTree = "<group>"; };
		99E9D9501F7F79BC00D1A781 /* MatchViewController.h */ = {isa = PBXFileReference; lastKnownFileType = sourcecode.c.h; path = MatchViewController.h; sourceTree = "<group>"; };
		99E9D9511F7F79BC00D1A781 /* MatchViewController.m */ = {isa = PBXFileReference; lastKnownFileType = sourcecode.c.objc; path = MatchViewController.m; sourceTree = "<group>"; };
		99E9D9531F7F79CD00D1A781 /* CircelViewController.h */ = {isa = PBXFileReference; lastKnownFileType = sourcecode.c.h; path = CircelViewController.h; sourceTree = "<group>"; };
		99E9D9541F7F79CD00D1A781 /* CircelViewController.m */ = {isa = PBXFileReference; lastKnownFileType = sourcecode.c.objc; path = CircelViewController.m; sourceTree = "<group>"; };
		99E9D9561F7F79DB00D1A781 /* PersonViewController.h */ = {isa = PBXFileReference; lastKnownFileType = sourcecode.c.h; path = PersonViewController.h; sourceTree = "<group>"; };
		99E9D9571F7F79DB00D1A781 /* PersonViewController.m */ = {isa = PBXFileReference; lastKnownFileType = sourcecode.c.objc; path = PersonViewController.m; sourceTree = "<group>"; };
		99EECB8E1F96E40300DCC44C /* FindTableViewController.h */ = {isa = PBXFileReference; lastKnownFileType = sourcecode.c.h; path = FindTableViewController.h; sourceTree = "<group>"; };
		99EECB8F1F96E40300DCC44C /* FindTableViewController.m */ = {isa = PBXFileReference; lastKnownFileType = sourcecode.c.objc; path = FindTableViewController.m; sourceTree = "<group>"; };
		99EECB931F96ED1C00DCC44C /* CircelDetailViewController.h */ = {isa = PBXFileReference; lastKnownFileType = sourcecode.c.h; path = CircelDetailViewController.h; sourceTree = "<group>"; };
		99EECB941F96ED1C00DCC44C /* CircelsViewController.xib */ = {isa = PBXFileReference; lastKnownFileType = file.xib; path = CircelsViewController.xib; sourceTree = "<group>"; };
		99EECB951F96ED1C00DCC44C /* CircelDetailViewController.xib */ = {isa = PBXFileReference; lastKnownFileType = file.xib; path = CircelDetailViewController.xib; sourceTree = "<group>"; };
		99EECB961F96ED1C00DCC44C /* CircelDetailViewController.m */ = {isa = PBXFileReference; lastKnownFileType = sourcecode.c.objc; path = CircelDetailViewController.m; sourceTree = "<group>"; };
		99EECB971F96ED1C00DCC44C /* CircelNoticeViewController.xib */ = {isa = PBXFileReference; lastKnownFileType = file.xib; path = CircelNoticeViewController.xib; sourceTree = "<group>"; };
		99EECB981F96ED1C00DCC44C /* CircelNoticeViewController.m */ = {isa = PBXFileReference; lastKnownFileType = sourcecode.c.objc; path = CircelNoticeViewController.m; sourceTree = "<group>"; };
		99EECB991F96ED1C00DCC44C /* CircelsViewController.h */ = {isa = PBXFileReference; lastKnownFileType = sourcecode.c.h; path = CircelsViewController.h; sourceTree = "<group>"; };
		99EECB9A1F96ED1D00DCC44C /* CircelsViewController.m */ = {isa = PBXFileReference; lastKnownFileType = sourcecode.c.objc; path = CircelsViewController.m; sourceTree = "<group>"; };
		99EECB9B1F96ED1D00DCC44C /* PostDetailViewController.m */ = {isa = PBXFileReference; lastKnownFileType = sourcecode.c.objc; path = PostDetailViewController.m; sourceTree = "<group>"; };
		99EECB9C1F96ED1D00DCC44C /* PostDetailViewController.h */ = {isa = PBXFileReference; lastKnownFileType = sourcecode.c.h; path = PostDetailViewController.h; sourceTree = "<group>"; };
		99EECB9D1F96ED1D00DCC44C /* PostDetailViewController.xib */ = {isa = PBXFileReference; lastKnownFileType = file.xib; path = PostDetailViewController.xib; sourceTree = "<group>"; };
		99EECB9E1F96ED1D00DCC44C /* CircelNoticeViewController.h */ = {isa = PBXFileReference; lastKnownFileType = sourcecode.c.h; path = CircelNoticeViewController.h; sourceTree = "<group>"; };
		99EECBA11F96ED5C00DCC44C /* SegmentTitleView.m */ = {isa = PBXFileReference; lastKnownFileType = sourcecode.c.objc; path = SegmentTitleView.m; sourceTree = "<group>"; };
		99EECBA21F96ED5C00DCC44C /* SegmentTitleView.h */ = {isa = PBXFileReference; lastKnownFileType = sourcecode.c.h; path = SegmentTitleView.h; sourceTree = "<group>"; };
		99EECBA31F96ED7400DCC44C /* HotPostsModel.h */ = {isa = PBXFileReference; lastKnownFileType = sourcecode.c.h; path = HotPostsModel.h; sourceTree = "<group>"; };
		99EECBA41F96ED7400DCC44C /* CircleListModel.m */ = {isa = PBXFileReference; lastKnownFileType = sourcecode.c.objc; path = CircleListModel.m; sourceTree = "<group>"; };
		99EECBA51F96ED7400DCC44C /* HotPostsModel.m */ = {isa = PBXFileReference; lastKnownFileType = sourcecode.c.objc; path = HotPostsModel.m; sourceTree = "<group>"; };
		99EECBA61F96ED7400DCC44C /* PostDetailModel.h */ = {isa = PBXFileReference; lastKnownFileType = sourcecode.c.h; path = PostDetailModel.h; sourceTree = "<group>"; };
		99EECBA71F96ED7400DCC44C /* CircleListModel.h */ = {isa = PBXFileReference; lastKnownFileType = sourcecode.c.h; path = CircleListModel.h; sourceTree = "<group>"; };
		99EECBA81F96ED7500DCC44C /* PostDetailModel.m */ = {isa = PBXFileReference; lastKnownFileType = sourcecode.c.objc; path = PostDetailModel.m; sourceTree = "<group>"; };
		99EECBA91F96ED8800DCC44C /* CircleHead.xib */ = {isa = PBXFileReference; lastKnownFileType = file.xib; path = CircleHead.xib; sourceTree = "<group>"; };
		99EECBAA1F96ED8800DCC44C /* CircleHead.m */ = {isa = PBXFileReference; lastKnownFileType = sourcecode.c.objc; path = CircleHead.m; sourceTree = "<group>"; };
		99EECBAB1F96ED8800DCC44C /* CircleHead.h */ = {isa = PBXFileReference; lastKnownFileType = sourcecode.c.h; path = CircleHead.h; sourceTree = "<group>"; };
		99EECBAC1F96ED8800DCC44C /* HotPostCell.m */ = {isa = PBXFileReference; lastKnownFileType = sourcecode.c.objc; path = HotPostCell.m; sourceTree = "<group>"; };
		99EECBAD1F96ED8800DCC44C /* PostDetailCell.xib */ = {isa = PBXFileReference; lastKnownFileType = file.xib; path = PostDetailCell.xib; sourceTree = "<group>"; };
		99EECBAE1F96ED8800DCC44C /* HotPostCell.xib */ = {isa = PBXFileReference; lastKnownFileType = file.xib; path = HotPostCell.xib; sourceTree = "<group>"; };
		99EECBAF1F96ED8900DCC44C /* PostDetailHead.m */ = {isa = PBXFileReference; lastKnownFileType = sourcecode.c.objc; path = PostDetailHead.m; sourceTree = "<group>"; };
		99EECBB01F96ED8900DCC44C /* PostDetailCell.h */ = {isa = PBXFileReference; lastKnownFileType = sourcecode.c.h; path = PostDetailCell.h; sourceTree = "<group>"; };
		99EECBB11F96ED8900DCC44C /* PostDetailHead.xib */ = {isa = PBXFileReference; lastKnownFileType = file.xib; path = PostDetailHead.xib; sourceTree = "<group>"; };
		99EECBB21F96ED8900DCC44C /* PostDetailHead.h */ = {isa = PBXFileReference; lastKnownFileType = sourcecode.c.h; path = PostDetailHead.h; sourceTree = "<group>"; };
		99EECBB31F96ED8900DCC44C /* PostDetailCell.m */ = {isa = PBXFileReference; lastKnownFileType = sourcecode.c.objc; path = PostDetailCell.m; sourceTree = "<group>"; };
		99EECBB41F96ED8900DCC44C /* HotPostCell.h */ = {isa = PBXFileReference; lastKnownFileType = sourcecode.c.h; path = HotPostCell.h; sourceTree = "<group>"; };
		99EECBCA1F96F32000DCC44C /* FollowViewController.h */ = {isa = PBXFileReference; lastKnownFileType = sourcecode.c.h; path = FollowViewController.h; sourceTree = "<group>"; };
		99EECBCB1F96F32000DCC44C /* FollowViewController.m */ = {isa = PBXFileReference; lastKnownFileType = sourcecode.c.objc; path = FollowViewController.m; sourceTree = "<group>"; };
		99EECBCD1F96F5C100DCC44C /* TeamModel.h */ = {isa = PBXFileReference; lastKnownFileType = sourcecode.c.h; path = TeamModel.h; sourceTree = "<group>"; };
		99EECBCE1F96F5C100DCC44C /* TeamModel.m */ = {isa = PBXFileReference; lastKnownFileType = sourcecode.c.objc; path = TeamModel.m; sourceTree = "<group>"; };
		99EECBD01F96F8E000DCC44C /* MoreTeamViewController.h */ = {isa = PBXFileReference; lastKnownFileType = sourcecode.c.h; path = MoreTeamViewController.h; sourceTree = "<group>"; };
		99EECBD11F96F8E000DCC44C /* MoreTeamViewController.m */ = {isa = PBXFileReference; lastKnownFileType = sourcecode.c.objc; path = MoreTeamViewController.m; sourceTree = "<group>"; };
		99EECBD31F96FB8300DCC44C /* TeamTyoeModel.h */ = {isa = PBXFileReference; lastKnownFileType = sourcecode.c.h; path = TeamTyoeModel.h; sourceTree = "<group>"; };
		99EECBD41F96FB8300DCC44C /* TeamTyoeModel.m */ = {isa = PBXFileReference; lastKnownFileType = sourcecode.c.objc; path = TeamTyoeModel.m; sourceTree = "<group>"; };
		99EECBD61F97016600DCC44C /* CollectionViewCell.h */ = {isa = PBXFileReference; lastKnownFileType = sourcecode.c.h; path = CollectionViewCell.h; sourceTree = "<group>"; };
		99EECBD71F97016600DCC44C /* CollectionViewCell.m */ = {isa = PBXFileReference; lastKnownFileType = sourcecode.c.objc; path = CollectionViewCell.m; sourceTree = "<group>"; };
		99EECBD81F97016600DCC44C /* CollectionViewCell.xib */ = {isa = PBXFileReference; lastKnownFileType = file.xib; path = CollectionViewCell.xib; sourceTree = "<group>"; };
		99EECBDB1F97030100DCC44C /* TeamTableViewCell.h */ = {isa = PBXFileReference; lastKnownFileType = sourcecode.c.h; path = TeamTableViewCell.h; sourceTree = "<group>"; };
		99EECBDC1F97030100DCC44C /* TeamTableViewCell.m */ = {isa = PBXFileReference; lastKnownFileType = sourcecode.c.objc; path = TeamTableViewCell.m; sourceTree = "<group>"; };
		99EECBDD1F97030100DCC44C /* TeamTableViewCell.xib */ = {isa = PBXFileReference; lastKnownFileType = file.xib; path = TeamTableViewCell.xib; sourceTree = "<group>"; };
		99EECBE01F97220700DCC44C /* NOTeamView.h */ = {isa = PBXFileReference; lastKnownFileType = sourcecode.c.h; path = NOTeamView.h; sourceTree = "<group>"; };
		99EECBE11F97220700DCC44C /* NOTeamView.m */ = {isa = PBXFileReference; lastKnownFileType = sourcecode.c.objc; path = NOTeamView.m; sourceTree = "<group>"; };
		99EECBE31F97221000DCC44C /* NOTeamView.xib */ = {isa = PBXFileReference; lastKnownFileType = file.xib; path = NOTeamView.xib; sourceTree = "<group>"; };
		99EECBE51F97258200DCC44C /* TeamDetailViewController.h */ = {isa = PBXFileReference; lastKnownFileType = sourcecode.c.h; path = TeamDetailViewController.h; sourceTree = "<group>"; };
		99EECBE61F97258200DCC44C /* TeamDetailViewController.m */ = {isa = PBXFileReference; lastKnownFileType = sourcecode.c.objc; path = TeamDetailViewController.m; sourceTree = "<group>"; };
		99EECBE81F9725A700DCC44C /* TeamDetailHead.h */ = {isa = PBXFileReference; lastKnownFileType = sourcecode.c.h; path = TeamDetailHead.h; sourceTree = "<group>"; };
		99EECBE91F9725A700DCC44C /* TeamDetailHead.m */ = {isa = PBXFileReference; lastKnownFileType = sourcecode.c.objc; path = TeamDetailHead.m; sourceTree = "<group>"; };
		99EECBED1F972C1200DCC44C /* TeamDetailHead.xib */ = {isa = PBXFileReference; lastKnownFileType = file.xib; path = TeamDetailHead.xib; sourceTree = "<group>"; };
		99EECBEF1F97341400DCC44C /* TeamSCModel.h */ = {isa = PBXFileReference; lastKnownFileType = sourcecode.c.h; path = TeamSCModel.h; sourceTree = "<group>"; };
		99EECBF01F97341400DCC44C /* TeamSCModel.m */ = {isa = PBXFileReference; lastKnownFileType = sourcecode.c.objc; path = TeamSCModel.m; sourceTree = "<group>"; };
		99EECBF21F9736AD00DCC44C /* TeamSC_Cell.h */ = {isa = PBXFileReference; lastKnownFileType = sourcecode.c.h; path = TeamSC_Cell.h; sourceTree = "<group>"; };
		99EECBF31F9736AD00DCC44C /* TeamSC_Cell.m */ = {isa = PBXFileReference; lastKnownFileType = sourcecode.c.objc; path = TeamSC_Cell.m; sourceTree = "<group>"; };
		99EECBF41F9736AD00DCC44C /* TeamSC_Cell.xib */ = {isa = PBXFileReference; lastKnownFileType = file.xib; path = TeamSC_Cell.xib; sourceTree = "<group>"; };
		BF7C3CF11F8BA9D800DC999D /* LoadingViewController.h */ = {isa = PBXFileReference; lastKnownFileType = sourcecode.c.h; path = LoadingViewController.h; sourceTree = "<group>"; };
		BF7C3CF21F8BA9D800DC999D /* LoadingViewController.m */ = {isa = PBXFileReference; lastKnownFileType = sourcecode.c.objc; path = LoadingViewController.m; sourceTree = "<group>"; };
		BF7C3CF41F8BAAD400DC999D /* AppDelegate+UPush.h */ = {isa = PBXFileReference; lastKnownFileType = sourcecode.c.h; path = "AppDelegate+UPush.h"; sourceTree = "<group>"; };
		BF7C3CF51F8BAAD400DC999D /* AppDelegate+UPush.m */ = {isa = PBXFileReference; lastKnownFileType = sourcecode.c.objc; path = "AppDelegate+UPush.m"; sourceTree = "<group>"; };
		BF7C3CF71F8BC47000DC999D /* Match.entitlements */ = {isa = PBXFileReference; lastKnownFileType = text.plist.entitlements; path = Match.entitlements; sourceTree = "<group>"; };
		BF81D0031F7FA5530078C5ED /* HotModel.h */ = {isa = PBXFileReference; lastKnownFileType = sourcecode.c.h; path = HotModel.h; sourceTree = "<group>"; };
		BF81D0041F7FA5530078C5ED /* HotModel.m */ = {isa = PBXFileReference; lastKnownFileType = sourcecode.c.objc; path = HotModel.m; sourceTree = "<group>"; };
		BF81D0061F7FA5EE0078C5ED /* NormalHotCell.h */ = {isa = PBXFileReference; lastKnownFileType = sourcecode.c.h; path = NormalHotCell.h; sourceTree = "<group>"; };
		BF81D0071F7FA5EE0078C5ED /* NormalHotCell.m */ = {isa = PBXFileReference; lastKnownFileType = sourcecode.c.objc; path = NormalHotCell.m; sourceTree = "<group>"; };
		BF81D0081F7FA5EE0078C5ED /* NormalHotCell.xib */ = {isa = PBXFileReference; lastKnownFileType = file.xib; path = NormalHotCell.xib; sourceTree = "<group>"; };
		BF81D00B1F7FA8EB0078C5ED /* VideoHotCell.h */ = {isa = PBXFileReference; lastKnownFileType = sourcecode.c.h; path = VideoHotCell.h; sourceTree = "<group>"; };
		BF81D00C1F7FA8EB0078C5ED /* VideoHotCell.m */ = {isa = PBXFileReference; lastKnownFileType = sourcecode.c.objc; path = VideoHotCell.m; sourceTree = "<group>"; };
		BF81D00D1F7FA8EB0078C5ED /* VideoHotCell.xib */ = {isa = PBXFileReference; lastKnownFileType = file.xib; path = VideoHotCell.xib; sourceTree = "<group>"; };
		BF81D0211F7FDF2D0078C5ED /* HotDetailViewController.h */ = {isa = PBXFileReference; lastKnownFileType = sourcecode.c.h; path = HotDetailViewController.h; sourceTree = "<group>"; };
		BF81D0221F7FDF2D0078C5ED /* HotDetailViewController.m */ = {isa = PBXFileReference; lastKnownFileType = sourcecode.c.objc; path = HotDetailViewController.m; sourceTree = "<group>"; };
		BF81D0241F7FE3210078C5ED /* HotDetailCommentModel.h */ = {isa = PBXFileReference; lastKnownFileType = sourcecode.c.h; path = HotDetailCommentModel.h; sourceTree = "<group>"; };
		BF81D0251F7FE3210078C5ED /* HotDetailCommentModel.m */ = {isa = PBXFileReference; lastKnownFileType = sourcecode.c.objc; path = HotDetailCommentModel.m; sourceTree = "<group>"; };
		BF81D0271F7FE5A30078C5ED /* HotDetailCommentCell.h */ = {isa = PBXFileReference; lastKnownFileType = sourcecode.c.h; path = HotDetailCommentCell.h; sourceTree = "<group>"; };
		BF81D0281F7FE5A30078C5ED /* HotDetailCommentCell.m */ = {isa = PBXFileReference; lastKnownFileType = sourcecode.c.objc; path = HotDetailCommentCell.m; sourceTree = "<group>"; };
		BF81D0291F7FE5A30078C5ED /* HotDetailCommentCell.xib */ = {isa = PBXFileReference; lastKnownFileType = file.xib; path = HotDetailCommentCell.xib; sourceTree = "<group>"; };
		BF81D02C1F7FFFC30078C5ED /* VideoDetailViewController.h */ = {isa = PBXFileReference; lastKnownFileType = sourcecode.c.h; path = VideoDetailViewController.h; sourceTree = "<group>"; };
		BF81D02D1F7FFFC30078C5ED /* VideoDetailViewController.m */ = {isa = PBXFileReference; lastKnownFileType = sourcecode.c.objc; path = VideoDetailViewController.m; sourceTree = "<group>"; };
		BF81D02F1F8001B70078C5ED /* AVKit.framework */ = {isa = PBXFileReference; lastKnownFileType = wrapper.framework; name = AVKit.framework; path = System/Library/Frameworks/AVKit.framework; sourceTree = SDKROOT; };
		BF81D0301F8001B70078C5ED /* AVFoundation.framework */ = {isa = PBXFileReference; lastKnownFileType = wrapper.framework; name = AVFoundation.framework; path = System/Library/Frameworks/AVFoundation.framework; sourceTree = SDKROOT; };
		BF81D0331F8005350078C5ED /* MediaPlayer.framework */ = {isa = PBXFileReference; lastKnownFileType = wrapper.framework; name = MediaPlayer.framework; path = System/Library/Frameworks/MediaPlayer.framework; sourceTree = SDKROOT; };
/* End PBXFileReference section */

/* Begin PBXFrameworksBuildPhase section */
		99E9D8E01F7F747500D1A781 /* Frameworks */ = {
			isa = PBXFrameworksBuildPhase;
			buildActionMask = 2147483647;
			files = (
				04653616874D5AD03FC59A80 /* libPods-Match.a in Frameworks */,
			);
			runOnlyForDeploymentPostprocessing = 0;
		};
/* End PBXFrameworksBuildPhase section */

/* Begin PBXGroup section */
		1636E58D021344AC3A0B3EAF /* Pods */ = {
			isa = PBXGroup;
			children = (
				7776D0455FBCD8527D5A21F1 /* Pods-Match.debug.xcconfig */,
				3AAE61D65A0B819A61450E7B /* Pods-Match.release.xcconfig */,
			);
			name = Pods;
			sourceTree = "<group>";
		};
		612BD4C8D82EA43A597CDE32 /* Frameworks */ = {
			isa = PBXGroup;
			children = (
				BF81D0331F8005350078C5ED /* MediaPlayer.framework */,
				BF81D0301F8001B70078C5ED /* AVFoundation.framework */,
				BF81D02F1F8001B70078C5ED /* AVKit.framework */,
				3C909BF689251B6729A0D334 /* libPods-Match.a */,
			);
			name = Frameworks;
			sourceTree = "<group>";
		};
		990090771F8F46A400607A49 /* LoginCtrl */ = {
			isa = PBXGroup;
			children = (
				990090781F8F48DD00607A49 /* Login.storyboard */,
				9900907A1F8F516600607A49 /* LoginTableViewController.h */,
				9900907B1F8F516600607A49 /* LoginTableViewController.m */,
				9900907D1F8F517300607A49 /* RegisterTableViewController.h */,
				9900907E1F8F517300607A49 /* RegisterTableViewController.m */,
				990090801F8F517E00607A49 /* FindPwdTableViewController.h */,
				990090811F8F517E00607A49 /* FindPwdTableViewController.m */,
			);
			path = LoginCtrl;
			sourceTree = "<group>";
		};
		99B71F661F8B1C8000C33D8C /* V */ = {
			isa = PBXGroup;
			children = (
				99B71F7A1F8B4F4D00C33D8C /* MatchCell.h */,
				99B71F7B1F8B4F4D00C33D8C /* MatchCell.m */,
				99B71F7C1F8B4F4D00C33D8C /* MatchCell.xib */,
				993675D21F9DE3D800D8F25A /* FastNewsCell.h */,
				993675D31F9DE3D800D8F25A /* FastNewsCell.m */,
				993675D41F9DE3D800D8F25A /* FastNewsCell.xib */,
			);
			path = V;
			sourceTree = "<group>";
		};
		99B71F671F8B1C8000C33D8C /* Model */ = {
			isa = PBXGroup;
			children = (
				99B71F681F8B1D8B00C33D8C /* MatchModel.h */,
				99B71F691F8B1D8B00C33D8C /* MatchModel.m */,
				993675CF1F9DE1B700D8F25A /* FastNewsModel.h */,
				993675D01F9DE1B700D8F25A /* FastNewsModel.m */,
			);
			path = Model;
			sourceTree = "<group>";
		};
		99B71F861F8B5F4500C33D8C /* JXChannelSegment */ = {
			isa = PBXGroup;
			children = (
				99B71F8C1F8B5F6C00C33D8C /* JXPageView.h */,
				99B71F8A1F8B5F6C00C33D8C /* JXPageView.m */,
				99B71F8B1F8B5F6C00C33D8C /* JXSegment.h */,
				99B71F871F8B5F6C00C33D8C /* JXSegment.m */,
				99B71F881F8B5F6C00C33D8C /* UIView+JXView.h */,
				99B71F891F8B5F6C00C33D8C /* UIView+JXView.m */,
			);
			path = JXChannelSegment;
			sourceTree = "<group>";
		};
		99CF204B1F9051A9000F917B /* SomeBase */ = {
			isa = PBXGroup;
			children = (
				99E9D9451F7F75C800D1A781 /* TabBarCtrl.h */,
				99E9D9461F7F75C800D1A781 /* TabBarCtrl.m */,
				990090831F8F5AE400607A49 /* BaseViewController.h */,
				990090841F8F5AE400607A49 /* BaseViewController.m */,
				990090871F8F683900607A49 /* AccountModel.h */,
				990090861F8F683800607A49 /* AccountModel.m */,
				99CF206C1F909FA2000F917B /* TakePhotoViewController.h */,
				99CF206B1F909FA1000F917B /* TakePhotoViewController.m */,
			);
			path = SomeBase;
			sourceTree = "<group>";
		};
		99CF204C1F90522B000F917B /* PersonMsg */ = {
			isa = PBXGroup;
			children = (
				99CF204D1F905276000F917B /* PersonMsg.storyboard */,
				99CF204F1F905920000F917B /* PersonMsgTableViewController.h */,
				99CF20501F905920000F917B /* PersonMsgTableViewController.m */,
				99CF20521F905AE1000F917B /* MsgSettingTableViewController.h */,
				99CF20531F905AE1000F917B /* MsgSettingTableViewController.m */,
				99CF20551F90699A000F917B /* SignTableViewController.h */,
				99CF20561F90699A000F917B /* SignTableViewController.m */,
				99CF20651F909C4F000F917B /* SettingTableViewController.h */,
				99CF20661F909C4F000F917B /* SettingTableViewController.m */,
				99CF20681F909E70000F917B /* AboutUsViewController.h */,
				99CF20691F909E70000F917B /* AboutUsViewController.m */,
				99A5F0431FA96C2D0056343E /* CollectsTableViewController.h */,
				99A5F0441FA96C2D0056343E /* CollectsTableViewController.m */,
			);
			path = PersonMsg;
			sourceTree = "<group>";
		};
		99E9D8DA1F7F747500D1A781 = {
			isa = PBXGroup;
			children = (
				99E9D8E51F7F747500D1A781 /* Match */,
				99E9D8E41F7F747500D1A781 /* Products */,
				1636E58D021344AC3A0B3EAF /* Pods */,
				612BD4C8D82EA43A597CDE32 /* Frameworks */,
			);
			sourceTree = "<group>";
		};
		99E9D8E41F7F747500D1A781 /* Products */ = {
			isa = PBXGroup;
			children = (
				99E9D8E31F7F747500D1A781 /* Match.app */,
			);
			name = Products;
			sourceTree = "<group>";
		};
		99E9D8E51F7F747500D1A781 /* Match */ = {
			isa = PBXGroup;
			children = (
				BF7C3CF71F8BC47000DC999D /* Match.entitlements */,
				99E9D8E61F7F747500D1A781 /* AppDelegate.h */,
				99E9D8E71F7F747500D1A781 /* AppDelegate.m */,
				BF7C3CF41F8BAAD400DC999D /* AppDelegate+UPush.h */,
				BF7C3CF51F8BAAD400DC999D /* AppDelegate+UPush.m */,
				99CF204C1F90522B000F917B /* PersonMsg */,
				99CF204B1F9051A9000F917B /* SomeBase */,
				990090771F8F46A400607A49 /* LoginCtrl */,
				BF7C3CF01F8BA9C900DC999D /* LoadingViewCtrl */,
				99E9D9051F7F74F300D1A781 /* Home */,
				99E9D8FC1F7F74F300D1A781 /* BS */,
				99E9D9011F7F74F300D1A781 /* Circel */,
				99E9D90B1F7F74F300D1A781 /* Person */,
				99E9D90A1F7F74F300D1A781 /* Common */,
				99E9D9001F7F74F300D1A781 /* Defaults */,
				99E9D9091F7F74F300D1A781 /* Thirds */,
				99E9D8EF1F7F747500D1A781 /* Assets.xcassets */,
				99E9D94A1F7F777100D1A781 /* TabBar.storyboard */,
				99E9D8F11F7F747500D1A781 /* LaunchScreen.storyboard */,
				99E9D8F41F7F747500D1A781 /* Info.plist */,
				99E9D8F51F7F747500D1A781 /* main.m */,
				99E9D9491F7F761100D1A781 /* FootMatch.pch */,
			);
			path = Match;
			sourceTree = "<group>";
		};
		99E9D8FC1F7F74F300D1A781 /* BS */ = {
			isa = PBXGroup;
			children = (
				99B71F671F8B1C8000C33D8C /* Model */,
				99B71F661F8B1C8000C33D8C /* V */,
				99E9D8FD1F7F74F300D1A781 /* C */,
			);
			path = BS;
			sourceTree = "<group>";
		};
		99E9D8FD1F7F74F300D1A781 /* C */ = {
			isa = PBXGroup;
			children = (
				99E9D9501F7F79BC00D1A781 /* MatchViewController.h */,
				99E9D9511F7F79BC00D1A781 /* MatchViewController.m */,
			);
			path = C;
			sourceTree = "<group>";
		};
		99E9D9001F7F74F300D1A781 /* Defaults */ = {
			isa = PBXGroup;
			children = (
				99E9D9221F7F753000D1A781 /* Defaults.h */,
				99E9D9211F7F753000D1A781 /* NSURLs.h */,
			);
			path = Defaults;
			sourceTree = "<group>";
		};
		99E9D9011F7F74F300D1A781 /* Circel */ = {
			isa = PBXGroup;
			children = (
				99E9D9021F7F74F300D1A781 /* C */,
			);
			path = Circel;
			sourceTree = "<group>";
		};
		99E9D9021F7F74F300D1A781 /* C */ = {
			isa = PBXGroup;
			children = (
				99E9D9531F7F79CD00D1A781 /* CircelViewController.h */,
				99E9D9541F7F79CD00D1A781 /* CircelViewController.m */,
			);
			path = C;
			sourceTree = "<group>";
		};
		99E9D9051F7F74F300D1A781 /* Home */ = {
			isa = PBXGroup;
			children = (
				BF81D0021F7FA5390078C5ED /* Model */,
				99E9D9061F7F74F300D1A781 /* C */,
				99E9D9081F7F74F300D1A781 /* V */,
			);
			path = Home;
			sourceTree = "<group>";
		};
		99E9D9061F7F74F300D1A781 /* C */ = {
			isa = PBXGroup;
			children = (
				99E9D94D1F7F782E00D1A781 /* HomePageViewController.h */,
				99E9D94E1F7F782E00D1A781 /* HomePageViewController.m */,
				BF81D0211F7FDF2D0078C5ED /* HotDetailViewController.h */,
				BF81D0221F7FDF2D0078C5ED /* HotDetailViewController.m */,
				BF81D02C1F7FFFC30078C5ED /* VideoDetailViewController.h */,
				BF81D02D1F7FFFC30078C5ED /* VideoDetailViewController.m */,
				999404A91F9D9984008DAB60 /* ChannelViewController.h */,
				999404AA1F9D9984008DAB60 /* ChannelViewController.m */,
			);
			path = C;
			sourceTree = "<group>";
		};
		99E9D9081F7F74F300D1A781 /* V */ = {
			isa = PBXGroup;
			children = (
				993675C31F9DC07000D8F25A /* HotDataView.h */,
				993675C41F9DC07000D8F25A /* HotDataView.m */,
				993675C61F9DC65200D8F25A /* JJDataView.h */,
				993675C71F9DC65200D8F25A /* JJDataView.m */,
				993675C91F9DC94F00D8F25A /* SpecialTopicView.h */,
				993675CA1F9DC94F00D8F25A /* SpecialTopicView.m */,
				99E9D9441F7F75B600D1A781 /* SegmentTitView.h */,
				99E9D9431F7F75B600D1A781 /* SegmentTitView.m */,
				BF81D0061F7FA5EE0078C5ED /* NormalHotCell.h */,
				BF81D0071F7FA5EE0078C5ED /* NormalHotCell.m */,
				BF81D0081F7FA5EE0078C5ED /* NormalHotCell.xib */,
				BF81D00B1F7FA8EB0078C5ED /* VideoHotCell.h */,
				BF81D00C1F7FA8EB0078C5ED /* VideoHotCell.m */,
				BF81D00D1F7FA8EB0078C5ED /* VideoHotCell.xib */,
				BF81D0281F7FE5A30078C5ED /* HotDetailCommentCell.m */,
				BF81D0271F7FE5A30078C5ED /* HotDetailCommentCell.h */,
				BF81D0291F7FE5A30078C5ED /* HotDetailCommentCell.xib */,
				99CF20581F9087E5000F917B /* CommentView.h */,
				99CF20591F9087E5000F917B /* CommentView.m */,
				99CF205B1F9087EE000F917B /* CommentView.xib */,
				99CF205D1F908D43000F917B /* WriteCommentView.h */,
				99CF205E1F908D43000F917B /* WriteCommentView.m */,
				99CF20601F908D4B000F917B /* WriteCommentView.xib */,
				999404AC1F9D9B78008DAB60 /* ChannelCell.h */,
				999404AD1F9D9B78008DAB60 /* ChannelCell.m */,
				999404AE1F9D9B78008DAB60 /* ChannelCell.xib */,
				999404B61F9DB700008DAB60 /* ChannelHeadView.h */,
				999404B71F9DB700008DAB60 /* ChannelHeadView.m */,
				999404B81F9DB700008DAB60 /* ChannelHeadView.xib */,
			);
			path = V;
			sourceTree = "<group>";
		};
		99E9D9091F7F74F300D1A781 /* Thirds */ = {
			isa = PBXGroup;
			children = (
				99B71F861F8B5F4500C33D8C /* JXChannelSegment */,
				99E9D91C1F7F751800D1A781 /* NetWorking */,
			);
			path = Thirds;
			sourceTree = "<group>";
		};
		99E9D90A1F7F74F300D1A781 /* Common */ = {
			isa = PBXGroup;
			children = (
				99E9D9351F7F757000D1A781 /* CALayer+TextFieldBoardColor.h */,
				99E9D9341F7F757000D1A781 /* CALayer+TextFieldBoardColor.m */,
				99E9D92F1F7F757000D1A781 /* UIColor+XTExtension.h */,
				99E9D9311F7F757000D1A781 /* UIColor+XTExtension.m */,
				99E9D9301F7F757000D1A781 /* Uitils.h */,
				99E9D9361F7F757100D1A781 /* Uitils.m */,
				99E9D9321F7F757000D1A781 /* UIViewExt.h */,
				99E9D9331F7F757000D1A781 /* UIViewExt.m */,
			);
			path = Common;
			sourceTree = "<group>";
		};
		99E9D90B1F7F74F300D1A781 /* Person */ = {
			isa = PBXGroup;
			children = (
				99EECB9F1F96ED4800DCC44C /* Model */,
				99EECBA01F96ED4800DCC44C /* View */,
				99E9D90C1F7F74F300D1A781 /* C */,
			);
			path = Person;
			sourceTree = "<group>";
		};
		99E9D90C1F7F74F300D1A781 /* C */ = {
			isa = PBXGroup;
			children = (
				99EECB8E1F96E40300DCC44C /* FindTableViewController.h */,
				99EECB8F1F96E40300DCC44C /* FindTableViewController.m */,
				99E9D9561F7F79DB00D1A781 /* PersonViewController.h */,
				99E9D9571F7F79DB00D1A781 /* PersonViewController.m */,
				99A5F03E1FA964630056343E /* IntegralShopViewController.h */,
				99A5F03F1FA964630056343E /* IntegralShopViewController.m */,
				99A5F0401FA964630056343E /* IntegralShopViewController.xib */,
				99EECBF81F974F7F00DCC44C /* 数据 */,
				99EECBC91F96F1D500DCC44C /* 关注 */,
				99EECB921F96ED0C00DCC44C /* 圈子 */,
			);
			path = C;
			sourceTree = "<group>";
		};
		99E9D91C1F7F751800D1A781 /* NetWorking */ = {
			isa = PBXGroup;
			children = (
				99E9D91D1F7F751800D1A781 /* KSMNetworkRequest.h */,
				99E9D91E1F7F751800D1A781 /* KSMNetworkRequest.m */,
				99E9D91F1F7F751800D1A781 /* ShareManagerCtrl.h */,
				99E9D9201F7F751800D1A781 /* ShareManagerCtrl.m */,
			);
			path = NetWorking;
			sourceTree = "<group>";
		};
		99EECB921F96ED0C00DCC44C /* 圈子 */ = {
			isa = PBXGroup;
			children = (
				99EECB991F96ED1C00DCC44C /* CircelsViewController.h */,
				99EECB9A1F96ED1D00DCC44C /* CircelsViewController.m */,
				99EECB941F96ED1C00DCC44C /* CircelsViewController.xib */,
				99EECB931F96ED1C00DCC44C /* CircelDetailViewController.h */,
				99EECB961F96ED1C00DCC44C /* CircelDetailViewController.m */,
				99EECB951F96ED1C00DCC44C /* CircelDetailViewController.xib */,
				99EECB9E1F96ED1D00DCC44C /* CircelNoticeViewController.h */,
				99EECB981F96ED1C00DCC44C /* CircelNoticeViewController.m */,
				99EECB971F96ED1C00DCC44C /* CircelNoticeViewController.xib */,
				99EECB9C1F96ED1D00DCC44C /* PostDetailViewController.h */,
				99EECB9B1F96ED1D00DCC44C /* PostDetailViewController.m */,
				99EECB9D1F96ED1D00DCC44C /* PostDetailViewController.xib */,
			);
			path = "圈子";
			sourceTree = "<group>";
		};
		99EECB9F1F96ED4800DCC44C /* Model */ = {
			isa = PBXGroup;
			children = (
				99EECBA71F96ED7400DCC44C /* CircleListModel.h */,
				99EECBA41F96ED7400DCC44C /* CircleListModel.m */,
				99EECBA31F96ED7400DCC44C /* HotPostsModel.h */,
				99EECBA51F96ED7400DCC44C /* HotPostsModel.m */,
				99EECBA61F96ED7400DCC44C /* PostDetailModel.h */,
				99EECBA81F96ED7500DCC44C /* PostDetailModel.m */,
				99EECBD31F96FB8300DCC44C /* TeamTyoeModel.h */,
				99EECBD41F96FB8300DCC44C /* TeamTyoeModel.m */,
				99EECBCD1F96F5C100DCC44C /* TeamModel.h */,
				99EECBCE1F96F5C100DCC44C /* TeamModel.m */,
				99EECBEF1F97341400DCC44C /* TeamSCModel.h */,
				99EECBF01F97341400DCC44C /* TeamSCModel.m */,
			);
			path = Model;
			sourceTree = "<group>";
		};
		99EECBA01F96ED4800DCC44C /* View */ = {
			isa = PBXGroup;
			children = (
				99EECBAB1F96ED8800DCC44C /* CircleHead.h */,
				99EECBAA1F96ED8800DCC44C /* CircleHead.m */,
				99EECBA91F96ED8800DCC44C /* CircleHead.xib */,
				99EECBB41F96ED8900DCC44C /* HotPostCell.h */,
				99EECBAC1F96ED8800DCC44C /* HotPostCell.m */,
				99EECBAE1F96ED8800DCC44C /* HotPostCell.xib */,
				99EECBB01F96ED8900DCC44C /* PostDetailCell.h */,
				99EECBB31F96ED8900DCC44C /* PostDetailCell.m */,
				99EECBAD1F96ED8800DCC44C /* PostDetailCell.xib */,
				99EECBB21F96ED8900DCC44C /* PostDetailHead.h */,
				99EECBAF1F96ED8900DCC44C /* PostDetailHead.m */,
				99EECBB11F96ED8900DCC44C /* PostDetailHead.xib */,
				99EECBA21F96ED5C00DCC44C /* SegmentTitleView.h */,
				99EECBA11F96ED5C00DCC44C /* SegmentTitleView.m */,
				99EECBD61F97016600DCC44C /* CollectionViewCell.h */,
				99EECBD71F97016600DCC44C /* CollectionViewCell.m */,
				99EECBD81F97016600DCC44C /* CollectionViewCell.xib */,
				99EECBDB1F97030100DCC44C /* TeamTableViewCell.h */,
				99EECBDC1F97030100DCC44C /* TeamTableViewCell.m */,
				99EECBDD1F97030100DCC44C /* TeamTableViewCell.xib */,
				99EECBE01F97220700DCC44C /* NOTeamView.h */,
				99EECBE11F97220700DCC44C /* NOTeamView.m */,
				99EECBE31F97221000DCC44C /* NOTeamView.xib */,
				99EECBE81F9725A700DCC44C /* TeamDetailHead.h */,
				99EECBE91F9725A700DCC44C /* TeamDetailHead.m */,
				99EECBED1F972C1200DCC44C /* TeamDetailHead.xib */,
				99EECBF21F9736AD00DCC44C /* TeamSC_Cell.h */,
				99EECBF31F9736AD00DCC44C /* TeamSC_Cell.m */,
				99EECBF41F9736AD00DCC44C /* TeamSC_Cell.xib */,
			);
			path = View;
			sourceTree = "<group>";
		};
		99EECBC91F96F1D500DCC44C /* 关注 */ = {
			isa = PBXGroup;
			children = (
				99EECBCA1F96F32000DCC44C /* FollowViewController.h */,
				99EECBCB1F96F32000DCC44C /* FollowViewController.m */,
				99EECBD01F96F8E000DCC44C /* MoreTeamViewController.h */,
				99EECBD11F96F8E000DCC44C /* MoreTeamViewController.m */,
				99EECBE51F97258200DCC44C /* TeamDetailViewController.h */,
				99EECBE61F97258200DCC44C /* TeamDetailViewController.m */,
			);
			path = "关注";
			sourceTree = "<group>";
		};
		99EECBF81F974F7F00DCC44C /* 数据 */ = {
			isa = PBXGroup;
			children = (
				99B71F831F8B5E9800C33D8C /* StatisticsViewController.h */,
				99B71F841F8B5E9800C33D8C /* StatisticsViewController.m */,
			);
			path = "数据";
			sourceTree = "<group>";
		};
		BF7C3CF01F8BA9C900DC999D /* LoadingViewCtrl */ = {
			isa = PBXGroup;
			children = (
				BF7C3CF11F8BA9D800DC999D /* LoadingViewController.h */,
				BF7C3CF21F8BA9D800DC999D /* LoadingViewController.m */,
			);
			path = LoadingViewCtrl;
			sourceTree = "<group>";
		};
		BF81D0021F7FA5390078C5ED /* Model */ = {
			isa = PBXGroup;
			children = (
				BF81D0031F7FA5530078C5ED /* HotModel.h */,
				BF81D0041F7FA5530078C5ED /* HotModel.m */,
				BF81D0241F7FE3210078C5ED /* HotDetailCommentModel.h */,
				BF81D0251F7FE3210078C5ED /* HotDetailCommentModel.m */,
				993675CC1F9DC97D00D8F25A /* SpecialTopicModel.h */,
				993675CD1F9DC97D00D8F25A /* SpecialTopicModel.m */,
			);
			path = Model;
			sourceTree = "<group>";
		};
/* End PBXGroup section */

/* Begin PBXNativeTarget section */
		99E9D8E21F7F747500D1A781 /* Match */ = {
			isa = PBXNativeTarget;
			buildConfigurationList = 99E9D8F91F7F747500D1A781 /* Build configuration list for PBXNativeTarget "Match" */;
			buildPhases = (
				F002A01B0E6A947100643C27 /* [CP] Check Pods Manifest.lock */,
				99E9D8DF1F7F747500D1A781 /* Sources */,
				99E9D8E01F7F747500D1A781 /* Frameworks */,
				99E9D8E11F7F747500D1A781 /* Resources */,
				B179443B7BEE8DF641DE0503 /* [CP] Embed Pods Frameworks */,
				6D825DD38B4D2DC11942B88E /* [CP] Copy Pods Resources */,
			);
			buildRules = (
			);
			dependencies = (
			);
			name = Match;
			productName = Match;
			productReference = 99E9D8E31F7F747500D1A781 /* Match.app */;
			productType = "com.apple.product-type.application";
		};
/* End PBXNativeTarget section */

/* Begin PBXProject section */
		99E9D8DB1F7F747500D1A781 /* Project object */ = {
			isa = PBXProject;
			attributes = {
				LastUpgradeCheck = 0900;
				ORGANIZATIONNAME = zhy;
				TargetAttributes = {
					99E9D8E21F7F747500D1A781 = {
						CreatedOnToolsVersion = 9.0;
						ProvisioningStyle = Automatic;
						SystemCapabilities = {
							com.apple.BackgroundModes = {
								enabled = 1;
							};
							com.apple.Push = {
								enabled = 1;
							};
						};
					};
				};
			};
			buildConfigurationList = 99E9D8DE1F7F747500D1A781 /* Build configuration list for PBXProject "Match" */;
			compatibilityVersion = "Xcode 8.0";
			developmentRegion = en;
			hasScannedForEncodings = 0;
			knownRegions = (
				en,
				Base,
			);
			mainGroup = 99E9D8DA1F7F747500D1A781;
			productRefGroup = 99E9D8E41F7F747500D1A781 /* Products */;
			projectDirPath = "";
			projectRoot = "";
			targets = (
				99E9D8E21F7F747500D1A781 /* Match */,
			);
		};
/* End PBXProject section */

/* Begin PBXResourcesBuildPhase section */
		99E9D8E11F7F747500D1A781 /* Resources */ = {
			isa = PBXResourcesBuildPhase;
			buildActionMask = 2147483647;
			files = (
				99EECBC11F96EE3100DCC44C /* CircleHead.xib in Resources */,
				99EECBC21F96EE3100DCC44C /* HotPostCell.xib in Resources */,
				99A5F0421FA964630056343E /* IntegralShopViewController.xib in Resources */,
				99EECBC31F96EE3100DCC44C /* PostDetailCell.xib in Resources */,
				99EECBC41F96EE3100DCC44C /* PostDetailHead.xib in Resources */,
				99EECBF61F9736AD00DCC44C /* TeamSC_Cell.xib in Resources */,
				99EECBC51F96EE3100DCC44C /* CircelDetailViewController.xib in Resources */,
				993675D61F9DE3D800D8F25A /* FastNewsCell.xib in Resources */,
				999404BA1F9DB700008DAB60 /* ChannelHeadView.xib in Resources */,
				99EECBEE1F972C1200DCC44C /* TeamDetailHead.xib in Resources */,
				99EECBC61F96EE3100DCC44C /* CircelNoticeViewController.xib in Resources */,
				99EECBC71F96EE3100DCC44C /* CircelsViewController.xib in Resources */,
				99EECBC81F96EE3100DCC44C /* PostDetailViewController.xib in Resources */,
				990090791F8F48DD00607A49 /* Login.storyboard in Resources */,
				99E9D8F31F7F747500D1A781 /* LaunchScreen.storyboard in Resources */,
				BF81D00F1F7FA8EB0078C5ED /* VideoHotCell.xib in Resources */,
				99CF20611F908D4B000F917B /* WriteCommentView.xib in Resources */,
				99EECBE41F97221000DCC44C /* NOTeamView.xib in Resources */,
				99CF204E1F905276000F917B /* PersonMsg.storyboard in Resources */,
				99EECBDF1F97030100DCC44C /* TeamTableViewCell.xib in Resources */,
				99E9D94C1F7F777200D1A781 /* TabBar.storyboard in Resources */,
				99EECBDA1F97016600DCC44C /* CollectionViewCell.xib in Resources */,
				999404B01F9D9B78008DAB60 /* ChannelCell.xib in Resources */,
				BF81D00A1F7FA5EE0078C5ED /* NormalHotCell.xib in Resources */,
				99CF205C1F9087EE000F917B /* CommentView.xib in Resources */,
				BF81D02B1F7FE5A30078C5ED /* HotDetailCommentCell.xib in Resources */,
				99E9D8F01F7F747500D1A781 /* Assets.xcassets in Resources */,
				99B71F7E1F8B4F4D00C33D8C /* MatchCell.xib in Resources */,
			);
			runOnlyForDeploymentPostprocessing = 0;
		};
/* End PBXResourcesBuildPhase section */

/* Begin PBXShellScriptBuildPhase section */
		6D825DD38B4D2DC11942B88E /* [CP] Copy Pods Resources */ = {
			isa = PBXShellScriptBuildPhase;
			buildActionMask = 2147483647;
			files = (
			);
			inputPaths = (
			);
			name = "[CP] Copy Pods Resources";
			outputPaths = (
			);
			runOnlyForDeploymentPostprocessing = 0;
			shellPath = /bin/sh;
			shellScript = "\"${SRCROOT}/Pods/Target Support Files/Pods-Match/Pods-Match-resources.sh\"\n";
			showEnvVarsInLog = 0;
		};
		B179443B7BEE8DF641DE0503 /* [CP] Embed Pods Frameworks */ = {
			isa = PBXShellScriptBuildPhase;
			buildActionMask = 2147483647;
			files = (
			);
			inputPaths = (
			);
			name = "[CP] Embed Pods Frameworks";
			outputPaths = (
			);
			runOnlyForDeploymentPostprocessing = 0;
			shellPath = /bin/sh;
			shellScript = "\"${SRCROOT}/Pods/Target Support Files/Pods-Match/Pods-Match-frameworks.sh\"\n";
			showEnvVarsInLog = 0;
		};
		F002A01B0E6A947100643C27 /* [CP] Check Pods Manifest.lock */ = {
			isa = PBXShellScriptBuildPhase;
			buildActionMask = 2147483647;
			files = (
			);
			inputPaths = (
			);
			name = "[CP] Check Pods Manifest.lock";
			outputPaths = (
			);
			runOnlyForDeploymentPostprocessing = 0;
			shellPath = /bin/sh;
			shellScript = "diff \"${PODS_PODFILE_DIR_PATH}/Podfile.lock\" \"${PODS_ROOT}/Manifest.lock\" > /dev/null\nif [ $? != 0 ] ; then\n    # print error to STDERR\n    echo \"error: The sandbox is not in sync with the Podfile.lock. Run 'pod install' or update your CocoaPods installation.\" >&2\n    exit 1\nfi\n";
			showEnvVarsInLog = 0;
		};
/* End PBXShellScriptBuildPhase section */

/* Begin PBXSourcesBuildPhase section */
		99E9D8DF1F7F747500D1A781 /* Sources */ = {
			isa = PBXSourcesBuildPhase;
			buildActionMask = 2147483647;
			files = (
				99EECBB51F96EE1F00DCC44C /* CircleListModel.m in Sources */,
				99EECBF11F97341400DCC44C /* TeamSCModel.m in Sources */,
				99EECBB61F96EE1F00DCC44C /* HotPostsModel.m in Sources */,
				99EECBB71F96EE1F00DCC44C /* PostDetailModel.m in Sources */,
				99EECBB81F96EE1F00DCC44C /* CircleHead.m in Sources */,
				99EECBB91F96EE1F00DCC44C /* HotPostCell.m in Sources */,
				99EECBBA1F96EE1F00DCC44C /* PostDetailCell.m in Sources */,
				99EECBD91F97016600DCC44C /* CollectionViewCell.m in Sources */,
				99EECBF51F9736AD00DCC44C /* TeamSC_Cell.m in Sources */,
				99EECBBB1F96EE1F00DCC44C /* PostDetailHead.m in Sources */,
				993675C81F9DC65200D8F25A /* JJDataView.m in Sources */,
				99EECBBC1F96EE1F00DCC44C /* SegmentTitleView.m in Sources */,
				99EECBBD1F96EE1F00DCC44C /* CircelDetailViewController.m in Sources */,
				99EECBBE1F96EE1F00DCC44C /* CircelNoticeViewController.m in Sources */,
				99EECBCF1F96F5C100DCC44C /* TeamModel.m in Sources */,
				99EECBBF1F96EE1F00DCC44C /* CircelsViewController.m in Sources */,
				993675CB1F9DC94F00D8F25A /* SpecialTopicView.m in Sources */,
				99EECBC01F96EE1F00DCC44C /* PostDetailViewController.m in Sources */,
				BF7C3CF31F8BAA3000DC999D /* LoadingViewController.m in Sources */,
				9900907C1F8F516600607A49 /* LoginTableViewController.m in Sources */,
				99CF205A1F9087E5000F917B /* CommentView.m in Sources */,
				99A5F0451FA96C2D0056343E /* CollectsTableViewController.m in Sources */,
				99CF20541F905AE1000F917B /* MsgSettingTableViewController.m in Sources */,
				99EECB901F96E40300DCC44C /* FindTableViewController.m in Sources */,
				99CF206D1F909FA2000F917B /* TakePhotoViewController.m in Sources */,
				99CF20671F909C4F000F917B /* SettingTableViewController.m in Sources */,
				99EECBD51F96FB8300DCC44C /* TeamTyoeModel.m in Sources */,
				99A5F0411FA964630056343E /* IntegralShopViewController.m in Sources */,
				99B71F8D1F8B608200C33D8C /* JXPageView.m in Sources */,
				99B71F8E1F8B608200C33D8C /* JXSegment.m in Sources */,
				99B71F8F1F8B608200C33D8C /* UIView+JXView.m in Sources */,
				BF81D0101F7FD4A00078C5ED /* KSMNetworkRequest.m in Sources */,
				BF81D0111F7FD4A00078C5ED /* ShareManagerCtrl.m in Sources */,
				99E9D9591F7F7AE200D1A781 /* SegmentTitView.m in Sources */,
				99EECBE71F97258200DCC44C /* TeamDetailViewController.m in Sources */,
				99EECBDE1F97030100DCC44C /* TeamTableViewCell.m in Sources */,
				9900907F1F8F517300607A49 /* RegisterTableViewController.m in Sources */,
				99EECBE21F97220700DCC44C /* NOTeamView.m in Sources */,
				99EECBEA1F9725A700DCC44C /* TeamDetailHead.m in Sources */,
				99CF20511F905920000F917B /* PersonMsgTableViewController.m in Sources */,
				99E9D9581F7F79DB00D1A781 /* PersonViewController.m in Sources */,
				990090821F8F517E00607A49 /* FindPwdTableViewController.m in Sources */,
				99E9D94F1F7F782E00D1A781 /* HomePageViewController.m in Sources */,
				BF81D00E1F7FA8EB0078C5ED /* VideoHotCell.m in Sources */,
				99EECBD21F96F8E000DCC44C /* MoreTeamViewController.m in Sources */,
				990090851F8F5AE400607A49 /* BaseViewController.m in Sources */,
				999404B91F9DB700008DAB60 /* ChannelHeadView.m in Sources */,
				BF81D02A1F7FE5A30078C5ED /* HotDetailCommentCell.m in Sources */,
				99E9D9391F7F757100D1A781 /* CALayer+TextFieldBoardColor.m in Sources */,
				BF7C3CF61F8BAAD500DC999D /* AppDelegate+UPush.m in Sources */,
				BF81D0231F7FDF2D0078C5ED /* HotDetailViewController.m in Sources */,
				99E9D9551F7F79CD00D1A781 /* CircelViewController.m in Sources */,
				99CF205F1F908D43000F917B /* WriteCommentView.m in Sources */,
				990090881F8F683A00607A49 /* AccountModel.m in Sources */,
				993675C51F9DC07000D8F25A /* HotDataView.m in Sources */,
				99B71F7D1F8B4F4D00C33D8C /* MatchCell.m in Sources */,
				99E9D9471F7F75C900D1A781 /* TabBarCtrl.m in Sources */,
				BF81D0261F7FE3210078C5ED /* HotDetailCommentModel.m in Sources */,
				999404AB1F9D9984008DAB60 /* ChannelViewController.m in Sources */,
				99E9D93A1F7F757100D1A781 /* Uitils.m in Sources */,
				99E9D9381F7F757100D1A781 /* UIViewExt.m in Sources */,
				99B71F851F8B5E9800C33D8C /* StatisticsViewController.m in Sources */,
				BF81D0091F7FA5EE0078C5ED /* NormalHotCell.m in Sources */,
				BF81D0051F7FA5530078C5ED /* HotModel.m in Sources */,
				993675D51F9DE3D800D8F25A /* FastNewsCell.m in Sources */,
				99E9D8F61F7F747500D1A781 /* main.m in Sources */,
				99B71F6A1F8B1D8B00C33D8C /* MatchModel.m in Sources */,
				99CF206A1F909E70000F917B /* AboutUsViewController.m in Sources */,
				99E9D9371F7F757100D1A781 /* UIColor+XTExtension.m in Sources */,
				99EECBCC1F96F32000DCC44C /* FollowViewController.m in Sources */,
				BF81D02E1F7FFFC30078C5ED /* VideoDetailViewController.m in Sources */,
				99E9D8E81F7F747500D1A781 /* AppDelegate.m in Sources */,
				999404AF1F9D9B78008DAB60 /* ChannelCell.m in Sources */,
				99CF20571F90699A000F917B /* SignTableViewController.m in Sources */,
				993675CE1F9DC97D00D8F25A /* SpecialTopicModel.m in Sources */,
				993675D11F9DE1B700D8F25A /* FastNewsModel.m in Sources */,
				99E9D9521F7F79BC00D1A781 /* MatchViewController.m in Sources */,
			);
			runOnlyForDeploymentPostprocessing = 0;
		};
/* End PBXSourcesBuildPhase section */

/* Begin PBXVariantGroup section */
		99E9D8F11F7F747500D1A781 /* LaunchScreen.storyboard */ = {
			isa = PBXVariantGroup;
			children = (
				99E9D8F21F7F747500D1A781 /* Base */,
			);
			name = LaunchScreen.storyboard;
			sourceTree = "<group>";
		};
		99E9D94A1F7F777100D1A781 /* TabBar.storyboard */ = {
			isa = PBXVariantGroup;
			children = (
				99E9D94B1F7F777100D1A781 /* Base */,
			);
			name = TabBar.storyboard;
			sourceTree = "<group>";
		};
/* End PBXVariantGroup section */

/* Begin XCBuildConfiguration section */
		99E9D8F71F7F747500D1A781 /* Debug */ = {
			isa = XCBuildConfiguration;
			buildSettings = {
				ALWAYS_SEARCH_USER_PATHS = NO;
				CLANG_ANALYZER_NONNULL = YES;
				CLANG_ANALYZER_NUMBER_OBJECT_CONVERSION = YES_AGGRESSIVE;
				CLANG_CXX_LANGUAGE_STANDARD = "gnu++14";
				CLANG_CXX_LIBRARY = "libc++";
				CLANG_ENABLE_MODULES = YES;
				CLANG_ENABLE_OBJC_ARC = YES;
				CLANG_WARN_BLOCK_CAPTURE_AUTORELEASING = YES;
				CLANG_WARN_BOOL_CONVERSION = YES;
				CLANG_WARN_COMMA = YES;
				CLANG_WARN_CONSTANT_CONVERSION = YES;
				CLANG_WARN_DIRECT_OBJC_ISA_USAGE = YES_ERROR;
				CLANG_WARN_DOCUMENTATION_COMMENTS = YES;
				CLANG_WARN_EMPTY_BODY = YES;
				CLANG_WARN_ENUM_CONVERSION = YES;
				CLANG_WARN_INFINITE_RECURSION = YES;
				CLANG_WARN_INT_CONVERSION = YES;
				CLANG_WARN_NON_LITERAL_NULL_CONVERSION = YES;
				CLANG_WARN_OBJC_LITERAL_CONVERSION = YES;
				CLANG_WARN_OBJC_ROOT_CLASS = YES_ERROR;
				CLANG_WARN_RANGE_LOOP_ANALYSIS = YES;
				CLANG_WARN_STRICT_PROTOTYPES = YES;
				CLANG_WARN_SUSPICIOUS_MOVE = YES;
				CLANG_WARN_UNGUARDED_AVAILABILITY = YES_AGGRESSIVE;
				CLANG_WARN_UNREACHABLE_CODE = YES;
				CLANG_WARN__DUPLICATE_METHOD_MATCH = YES;
				CODE_SIGN_IDENTITY = "iPhone Developer";
				CODE_SIGN_STYLE = Automatic;
				COPY_PHASE_STRIP = NO;
				DEBUG_INFORMATION_FORMAT = dwarf;
				DEVELOPMENT_TEAM = 4XH337X4G3;
				ENABLE_STRICT_OBJC_MSGSEND = YES;
				ENABLE_TESTABILITY = YES;
				GCC_C_LANGUAGE_STANDARD = gnu11;
				GCC_DYNAMIC_NO_PIC = NO;
				GCC_NO_COMMON_BLOCKS = YES;
				GCC_OPTIMIZATION_LEVEL = 0;
				GCC_PREPROCESSOR_DEFINITIONS = (
					"DEBUG=1",
					"$(inherited)",
				);
				GCC_WARN_64_TO_32_BIT_CONVERSION = YES;
				GCC_WARN_ABOUT_RETURN_TYPE = YES_ERROR;
				GCC_WARN_UNDECLARED_SELECTOR = YES;
				GCC_WARN_UNINITIALIZED_AUTOS = YES_AGGRESSIVE;
				GCC_WARN_UNUSED_FUNCTION = YES;
				GCC_WARN_UNUSED_VARIABLE = YES;
				IPHONEOS_DEPLOYMENT_TARGET = 8.0;
				MTL_ENABLE_DEBUG_INFO = YES;
				ONLY_ACTIVE_ARCH = YES;
				PROVISIONING_PROFILE = "ba9fb4ac-4dbc-4d99-b1b8-2992d19c2d72";
				SDKROOT = iphoneos;
			};
			name = Debug;
		};
		99E9D8F81F7F747500D1A781 /* Release */ = {
			isa = XCBuildConfiguration;
			buildSettings = {
				ALWAYS_SEARCH_USER_PATHS = NO;
				CLANG_ANALYZER_NONNULL = YES;
				CLANG_ANALYZER_NUMBER_OBJECT_CONVERSION = YES_AGGRESSIVE;
				CLANG_CXX_LANGUAGE_STANDARD = "gnu++14";
				CLANG_CXX_LIBRARY = "libc++";
				CLANG_ENABLE_MODULES = YES;
				CLANG_ENABLE_OBJC_ARC = YES;
				CLANG_WARN_BLOCK_CAPTURE_AUTORELEASING = YES;
				CLANG_WARN_BOOL_CONVERSION = YES;
				CLANG_WARN_COMMA = YES;
				CLANG_WARN_CONSTANT_CONVERSION = YES;
				CLANG_WARN_DIRECT_OBJC_ISA_USAGE = YES_ERROR;
				CLANG_WARN_DOCUMENTATION_COMMENTS = YES;
				CLANG_WARN_EMPTY_BODY = YES;
				CLANG_WARN_ENUM_CONVERSION = YES;
				CLANG_WARN_INFINITE_RECURSION = YES;
				CLANG_WARN_INT_CONVERSION = YES;
				CLANG_WARN_NON_LITERAL_NULL_CONVERSION = YES;
				CLANG_WARN_OBJC_LITERAL_CONVERSION = YES;
				CLANG_WARN_OBJC_ROOT_CLASS = YES_ERROR;
				CLANG_WARN_RANGE_LOOP_ANALYSIS = YES;
				CLANG_WARN_STRICT_PROTOTYPES = YES;
				CLANG_WARN_SUSPICIOUS_MOVE = YES;
				CLANG_WARN_UNGUARDED_AVAILABILITY = YES_AGGRESSIVE;
				CLANG_WARN_UNREACHABLE_CODE = YES;
				CLANG_WARN__DUPLICATE_METHOD_MATCH = YES;
				CODE_SIGN_IDENTITY = "iPhone Distribution";
				CODE_SIGN_STYLE = Automatic;
				COPY_PHASE_STRIP = NO;
				DEBUG_INFORMATION_FORMAT = "dwarf-with-dsym";
				DEVELOPMENT_TEAM = 4XH337X4G3;
				ENABLE_NS_ASSERTIONS = NO;
				ENABLE_STRICT_OBJC_MSGSEND = YES;
				GCC_C_LANGUAGE_STANDARD = gnu11;
				GCC_NO_COMMON_BLOCKS = YES;
				GCC_WARN_64_TO_32_BIT_CONVERSION = YES;
				GCC_WARN_ABOUT_RETURN_TYPE = YES_ERROR;
				GCC_WARN_UNDECLARED_SELECTOR = YES;
				GCC_WARN_UNINITIALIZED_AUTOS = YES_AGGRESSIVE;
				GCC_WARN_UNUSED_FUNCTION = YES;
				GCC_WARN_UNUSED_VARIABLE = YES;
				IPHONEOS_DEPLOYMENT_TARGET = 8.0;
				MTL_ENABLE_DEBUG_INFO = NO;
				PROVISIONING_PROFILE = "b65dccf5-a14a-4c7b-8623-73818e61377e";
				SDKROOT = iphoneos;
				VALIDATE_PRODUCT = YES;
			};
			name = Release;
		};
		99E9D8FA1F7F747500D1A781 /* Debug */ = {
			isa = XCBuildConfiguration;
			baseConfigurationReference = 7776D0455FBCD8527D5A21F1 /* Pods-Match.debug.xcconfig */;
			buildSettings = {
				ASSETCATALOG_COMPILER_APPICON_NAME = AppIcon;
				ASSETCATALOG_COMPILER_LAUNCHIMAGE_NAME = LaunchImage;
				CODE_SIGN_ENTITLEMENTS = Match/Match.entitlements;
				CODE_SIGN_IDENTITY = "iPhone Developer";
				"CODE_SIGN_IDENTITY[sdk=iphoneos*]" = "iPhone Developer";
				CODE_SIGN_STYLE = Automatic;
				DEVELOPMENT_TEAM = 2DRK5523CS;
				GCC_PREFIX_HEADER = /Users/edianzu/Desktop/PE/FootMatch/Match/FootMatch.pch;
				INFOPLIST_FILE = Match/Info.plist;
				IPHONEOS_DEPLOYMENT_TARGET = 8.0;
				LD_RUNPATH_SEARCH_PATHS = "$(inherited) @executable_path/Frameworks";
				PRODUCT_BUNDLE_IDENTIFIER = com.haiyong.focusPE;
				PRODUCT_NAME = "$(TARGET_NAME)";
				PROVISIONING_PROFILE = "";
				PROVISIONING_PROFILE_SPECIFIER = "";
				TARGETED_DEVICE_FAMILY = "1,2";
			};
			name = Debug;
		};
		99E9D8FB1F7F747500D1A781 /* Release */ = {
			isa = XCBuildConfiguration;
			baseConfigurationReference = 3AAE61D65A0B819A61450E7B /* Pods-Match.release.xcconfig */;
			buildSettings = {
				ASSETCATALOG_COMPILER_APPICON_NAME = AppIcon;
				ASSETCATALOG_COMPILER_LAUNCHIMAGE_NAME = LaunchImage;
				CODE_SIGN_ENTITLEMENTS = Match/Match.entitlements;
				CODE_SIGN_IDENTITY = "iPhone Developer";
				"CODE_SIGN_IDENTITY[sdk=iphoneos*]" = "iPhone Developer";
				CODE_SIGN_STYLE = Automatic;
				DEVELOPMENT_TEAM = 2DRK5523CS;
				GCC_PREFIX_HEADER = /Users/edianzu/Desktop/PE/FootMatch/Match/FootMatch.pch;
				INFOPLIST_FILE = Match/Info.plist;
				IPHONEOS_DEPLOYMENT_TARGET = 8.0;
				LD_RUNPATH_SEARCH_PATHS = "$(inherited) @executable_path/Frameworks";
				PRODUCT_BUNDLE_IDENTIFIER = com.haiyong.focusPE;
				PRODUCT_NAME = "$(TARGET_NAME)";
				PROVISIONING_PROFILE = "";
				PROVISIONING_PROFILE_SPECIFIER = "";
				TARGETED_DEVICE_FAMILY = "1,2";
			};
			name = Release;
		};
/* End XCBuildConfiguration section */

/* Begin XCConfigurationList section */
		99E9D8DE1F7F747500D1A781 /* Build configuration list for PBXProject "Match" */ = {
			isa = XCConfigurationList;
			buildConfigurations = (
				99E9D8F71F7F747500D1A781 /* Debug */,
				99E9D8F81F7F747500D1A781 /* Release */,
			);
			defaultConfigurationIsVisible = 0;
			defaultConfigurationName = Release;
		};
		99E9D8F91F7F747500D1A781 /* Build configuration list for PBXNativeTarget "Match" */ = {
			isa = XCConfigurationList;
			buildConfigurations = (
				99E9D8FA1F7F747500D1A781 /* Debug */,
				99E9D8FB1F7F747500D1A781 /* Release */,
			);
			defaultConfigurationIsVisible = 0;
			defaultConfigurationName = Release;
		};
/* End XCConfigurationList section */
	};
	rootObject = 99E9D8DB1F7F747500D1A781 /* Project object */;
}
